<?xml version="1.0" encoding="utf-8"?>
<Project ToolsVersion="4.0" xmlns="http://schemas.microsoft.com/developer/msbuild/2003">
  <ItemGroup>
    <Filter Include="资源文件">
      <UniqueIdentifier>{67DA6AB6-F800-4c08-8B7A-83BB121AAD01}</UniqueIdentifier>
      <Extensions>rc;ico;cur;bmp;dlg;rc2;rct;bin;rgs;gif;jpg;jpeg;jpe;resx;tiff;tif;png;wav;mfcribbon-ms</Extensions>
    </Filter>
    <Filter Include="ColdAPI_Steam">
      <UniqueIdentifier>{4FC737F1-C7A5-4376-A066-2A32D752A2FF}</UniqueIdentifier>
      <Extensions>cpp;c;cc;cxx;def;odl;idl;hpj;bat;asm;asmx</Extensions>
    </Filter>
    <Filter Include="ColdAPI_Steam\public SDK">
      <UniqueIdentifier>{3d0a02bf-cfe5-4945-9a1b-e14562c24af0}</UniqueIdentifier>
    </Filter>
    <Filter Include="ColdAPI_Steam\SteamStubBypass">
      <UniqueIdentifier>{98a75ae9-236a-4fd1-9d12-822d1b4cb958}</UniqueIdentifier>
    </Filter>
    <Filter Include="ColdAPI_Steam\InterfacesEmulation">
      <UniqueIdentifier>{0eca9620-d54f-4be5-84bd-1b45d72fef18}</UniqueIdentifier>
    </Filter>
    <Filter Include="ColdAPI_Steam\Hook_utils">
      <UniqueIdentifier>{7427f25d-76b4-44cf-ac8c-be892c9cae83}</UniqueIdentifier>
    </Filter>
    <Filter Include="ColdAPI_Steam\Hook_utils\DistormDisassembler">
      <UniqueIdentifier>{2b00746d-6514-4e40-be48-28334c8f1597}</UniqueIdentifier>
    </Filter>
    <Filter Include="ColdAPI_Steam\Hook_utils\DistormDisassembler\src">
      <UniqueIdentifier>{fb098d9b-8afd-4e5b-b667-56d318de03a9}</UniqueIdentifier>
    </Filter>
    <Filter Include="ColdAPI_Steam\Hook_utils\DistormDisassembler\include">
      <UniqueIdentifier>{afdb60a4-6541-417f-ba5e-d3e262e3e60b}</UniqueIdentifier>
    </Filter>
    <Filter Include="ColdAPI_Steam\INI example">
      <UniqueIdentifier>{4cd26c9f-1022-452b-80d5-e9e45692772f}</UniqueIdentifier>
    </Filter>
  </ItemGroup>
  <ItemGroup>
    <ClInclude Include="..\src\ColdAPI_Steam\ColdManager.h">
      <Filter>ColdAPI_Steam</Filter>
    </ClInclude>
    <ClInclude Include="..\src\ColdAPI_Steam\CSteamCallbacks.h">
      <Filter>ColdAPI_Steam</Filter>
    </ClInclude>
    <ClInclude Include="..\src\ColdAPI_Steam\Steam_data.h">
      <Filter>ColdAPI_Steam</Filter>
    </ClInclude>
    <ClInclude Include="..\src\ColdAPI_Steam\Bridge.h">
      <Filter>ColdAPI_Steam</Filter>
    </ClInclude>
    <ClInclude Include="..\src\ColdAPI_Steam\public SDK\AppListCommon.h">
      <Filter>ColdAPI_Steam\public SDK</Filter>
    </ClInclude>
    <ClInclude Include="..\src\ColdAPI_Steam\public SDK\AppsCommon.h">
      <Filter>ColdAPI_Steam\public SDK</Filter>
    </ClInclude>
    <ClInclude Include="..\src\ColdAPI_Steam\public SDK\AppTicketCommon.h">
      <Filter>ColdAPI_Steam\public SDK</Filter>
    </ClInclude>
    <ClInclude Include="..\src\ColdAPI_Steam\public SDK\BillingCommon.h">
      <Filter>ColdAPI_Steam\public SDK</Filter>
    </ClInclude>
    <ClInclude Include="..\src\ColdAPI_Steam\public SDK\BridgeCommon.h">
      <Filter>ColdAPI_Steam\public SDK</Filter>
    </ClInclude>
    <ClInclude Include="..\src\ColdAPI_Steam\public SDK\CCallback.h">
      <Filter>ColdAPI_Steam\public SDK</Filter>
    </ClInclude>
    <ClInclude Include="..\src\ColdAPI_Steam\public SDK\CGameID.h">
      <Filter>ColdAPI_Steam\public SDK</Filter>
    </ClInclude>
    <ClInclude Include="..\src\ColdAPI_Steam\public SDK\ClientCommon.h">
      <Filter>ColdAPI_Steam\public SDK</Filter>
    </ClInclude>
    <ClInclude Include="..\src\ColdAPI_Steam\public SDK\ContentServerCommon.h">
      <Filter>ColdAPI_Steam\public SDK</Filter>
    </ClInclude>
    <ClInclude Include="..\src\ColdAPI_Steam\public SDK\ControllerCommon.h">
      <Filter>ColdAPI_Steam\public SDK</Filter>
    </ClInclude>
    <ClInclude Include="..\src\ColdAPI_Steam\public SDK\CSteamAPIContext.h">
      <Filter>ColdAPI_Steam\public SDK</Filter>
    </ClInclude>
    <ClInclude Include="..\src\ColdAPI_Steam\public SDK\CSteamID.h">
      <Filter>ColdAPI_Steam\public SDK</Filter>
    </ClInclude>
    <ClInclude Include="..\src\ColdAPI_Steam\public SDK\EBeginAuthSessionResult.h">
      <Filter>ColdAPI_Steam\public SDK</Filter>
    </ClInclude>
    <ClInclude Include="..\src\ColdAPI_Steam\public SDK\ECurrencyCode.h">
      <Filter>ColdAPI_Steam\public SDK</Filter>
    </ClInclude>
    <ClInclude Include="..\src\ColdAPI_Steam\public SDK\EnumString.h">
      <Filter>ColdAPI_Steam\public SDK</Filter>
    </ClInclude>
    <ClInclude Include="..\src\ColdAPI_Steam\public SDK\EResult.h">
      <Filter>ColdAPI_Steam\public SDK</Filter>
    </ClInclude>
    <ClInclude Include="..\src\ColdAPI_Steam\public SDK\ESteamAppUpdateStatsQueryType.h">
      <Filter>ColdAPI_Steam\public SDK</Filter>
    </ClInclude>
    <ClInclude Include="..\src\ColdAPI_Steam\public SDK\ESteamBufferMethod.h">
      <Filter>ColdAPI_Steam\public SDK</Filter>
    </ClInclude>
    <ClInclude Include="..\src\ColdAPI_Steam\public SDK\ESteamError.h">
      <Filter>ColdAPI_Steam\public SDK</Filter>
    </ClInclude>
    <ClInclude Include="..\src\ColdAPI_Steam\public SDK\ESteamFindFilter.h">
      <Filter>ColdAPI_Steam\public SDK</Filter>
    </ClInclude>
    <ClInclude Include="..\src\ColdAPI_Steam\public SDK\ESteamNotify.h">
      <Filter>ColdAPI_Steam\public SDK</Filter>
    </ClInclude>
    <ClInclude Include="..\src\ColdAPI_Steam\public SDK\ESteamPaymentCardType.h">
      <Filter>ColdAPI_Steam\public SDK</Filter>
    </ClInclude>
    <ClInclude Include="..\src\ColdAPI_Steam\public SDK\ESteamSeekMethod.h">
      <Filter>ColdAPI_Steam\public SDK</Filter>
    </ClInclude>
    <ClInclude Include="..\src\ColdAPI_Steam\public SDK\ESteamServerType.h">
      <Filter>ColdAPI_Steam\public SDK</Filter>
    </ClInclude>
    <ClInclude Include="..\src\ColdAPI_Steam\public SDK\ESteamSubscriptionBillingInfoType.h">
      <Filter>ColdAPI_Steam\public SDK</Filter>
    </ClInclude>
    <ClInclude Include="..\src\ColdAPI_Steam\public SDK\ESteamSubscriptionStatus.h">
      <Filter>ColdAPI_Steam\public SDK</Filter>
    </ClInclude>
    <ClInclude Include="..\src\ColdAPI_Steam\public SDK\EUserHasLicenseForAppResult.h">
      <Filter>ColdAPI_Steam\public SDK</Filter>
    </ClInclude>
    <ClInclude Include="..\src\ColdAPI_Steam\public SDK\EVoiceResult.h">
      <Filter>ColdAPI_Steam\public SDK</Filter>
    </ClInclude>
    <ClInclude Include="..\src\ColdAPI_Steam\public SDK\FriendGameInfo.h">
      <Filter>ColdAPI_Steam\public SDK</Filter>
    </ClInclude>
    <ClInclude Include="..\src\ColdAPI_Steam\public SDK\FriendsCommon.h">
      <Filter>ColdAPI_Steam\public SDK</Filter>
    </ClInclude>
    <ClInclude Include="..\src\ColdAPI_Steam\public SDK\GameCoordinatorCommon.h">
      <Filter>ColdAPI_Steam\public SDK</Filter>
    </ClInclude>
    <ClInclude Include="..\src\ColdAPI_Steam\public SDK\GameServerCommon.h">
      <Filter>ColdAPI_Steam\public SDK</Filter>
    </ClInclude>
    <ClInclude Include="..\src\ColdAPI_Steam\public SDK\gameserveritem.h">
      <Filter>ColdAPI_Steam\public SDK</Filter>
    </ClInclude>
    <ClInclude Include="..\src\ColdAPI_Steam\public SDK\GameServerStatsCommon.h">
      <Filter>ColdAPI_Steam\public SDK</Filter>
    </ClInclude>
    <ClInclude Include="..\src\ColdAPI_Steam\public SDK\GameStatsCommon.h">
      <Filter>ColdAPI_Steam\public SDK</Filter>
    </ClInclude>
    <ClInclude Include="..\src\ColdAPI_Steam\public SDK\HTMLSurfaceCommon.h">
      <Filter>ColdAPI_Steam\public SDK</Filter>
    </ClInclude>
    <ClInclude Include="..\src\ColdAPI_Steam\public SDK\HTTPCommon.h">
      <Filter>ColdAPI_Steam\public SDK</Filter>
    </ClInclude>
    <ClInclude Include="..\src\ColdAPI_Steam\public SDK\IClientAppManager.h">
      <Filter>ColdAPI_Steam\public SDK</Filter>
    </ClInclude>
    <ClInclude Include="..\src\ColdAPI_Steam\public SDK\IClientApps.h">
      <Filter>ColdAPI_Steam\public SDK</Filter>
    </ClInclude>
    <ClInclude Include="..\src\ColdAPI_Steam\public SDK\IClientAudio.h">
      <Filter>ColdAPI_Steam\public SDK</Filter>
    </ClInclude>
    <ClInclude Include="..\src\ColdAPI_Steam\public SDK\IClientBilling.h">
      <Filter>ColdAPI_Steam\public SDK</Filter>
    </ClInclude>
    <ClInclude Include="..\src\ColdAPI_Steam\public SDK\IClientConfigStore.h">
      <Filter>ColdAPI_Steam\public SDK</Filter>
    </ClInclude>
    <ClInclude Include="..\src\ColdAPI_Steam\public SDK\IClientContentServer.h">
      <Filter>ColdAPI_Steam\public SDK</Filter>
    </ClInclude>
    <ClInclude Include="..\src\ColdAPI_Steam\public SDK\IClientDepotBuilder.h">
      <Filter>ColdAPI_Steam\public SDK</Filter>
    </ClInclude>
    <ClInclude Include="..\src\ColdAPI_Steam\public SDK\IClientDeviceAuth.h">
      <Filter>ColdAPI_Steam\public SDK</Filter>
    </ClInclude>
    <ClInclude Include="..\src\ColdAPI_Steam\public SDK\IClientEngine.h">
      <Filter>ColdAPI_Steam\public SDK</Filter>
    </ClInclude>
    <ClInclude Include="..\src\ColdAPI_Steam\public SDK\IClientFriends.h">
      <Filter>ColdAPI_Steam\public SDK</Filter>
    </ClInclude>
    <ClInclude Include="..\src\ColdAPI_Steam\public SDK\IClientGameCoordinator.h">
      <Filter>ColdAPI_Steam\public SDK</Filter>
    </ClInclude>
    <ClInclude Include="..\src\ColdAPI_Steam\public SDK\IClientGameServer.h">
      <Filter>ColdAPI_Steam\public SDK</Filter>
    </ClInclude>
    <ClInclude Include="..\src\ColdAPI_Steam\public SDK\IClientGameServerStats.h">
      <Filter>ColdAPI_Steam\public SDK</Filter>
    </ClInclude>
    <ClInclude Include="..\src\ColdAPI_Steam\public SDK\IClientGameStats.h">
      <Filter>ColdAPI_Steam\public SDK</Filter>
    </ClInclude>
    <ClInclude Include="..\src\ColdAPI_Steam\public SDK\IClientHTTP.h">
      <Filter>ColdAPI_Steam\public SDK</Filter>
    </ClInclude>
    <ClInclude Include="..\src\ColdAPI_Steam\public SDK\IClientInventory.h">
      <Filter>ColdAPI_Steam\public SDK</Filter>
    </ClInclude>
    <ClInclude Include="..\src\ColdAPI_Steam\public SDK\IClientMasterServerUpdater.h">
      <Filter>ColdAPI_Steam\public SDK</Filter>
    </ClInclude>
    <ClInclude Include="..\src\ColdAPI_Steam\public SDK\IClientMatchmaking.h">
      <Filter>ColdAPI_Steam\public SDK</Filter>
    </ClInclude>
    <ClInclude Include="..\src\ColdAPI_Steam\public SDK\IClientMatchmakingServers.h">
      <Filter>ColdAPI_Steam\public SDK</Filter>
    </ClInclude>
    <ClInclude Include="..\src\ColdAPI_Steam\public SDK\IClientMusic.h">
      <Filter>ColdAPI_Steam\public SDK</Filter>
    </ClInclude>
    <ClInclude Include="..\src\ColdAPI_Steam\public SDK\IClientNetworkDeviceManager.h">
      <Filter>ColdAPI_Steam\public SDK</Filter>
    </ClInclude>
    <ClInclude Include="..\src\ColdAPI_Steam\public SDK\IClientNetworking.h">
      <Filter>ColdAPI_Steam\public SDK</Filter>
    </ClInclude>
    <ClInclude Include="..\src\ColdAPI_Steam\public SDK\IClientProductBuilder.h">
      <Filter>ColdAPI_Steam\public SDK</Filter>
    </ClInclude>
    <ClInclude Include="..\src\ColdAPI_Steam\public SDK\IClientRemoteStorage.h">
      <Filter>ColdAPI_Steam\public SDK</Filter>
    </ClInclude>
    <ClInclude Include="..\src\ColdAPI_Steam\public SDK\IClientScreenshots.h">
      <Filter>ColdAPI_Steam\public SDK</Filter>
    </ClInclude>
    <ClInclude Include="..\src\ColdAPI_Steam\public SDK\IClientShortcuts.h">
      <Filter>ColdAPI_Steam\public SDK</Filter>
    </ClInclude>
    <ClInclude Include="..\src\ColdAPI_Steam\public SDK\IClientStreamClient.h">
      <Filter>ColdAPI_Steam\public SDK</Filter>
    </ClInclude>
    <ClInclude Include="..\src\ColdAPI_Steam\public SDK\IClientStreamLauncher.h">
      <Filter>ColdAPI_Steam\public SDK</Filter>
    </ClInclude>
    <ClInclude Include="..\src\ColdAPI_Steam\public SDK\IClientUGC.h">
      <Filter>ColdAPI_Steam\public SDK</Filter>
    </ClInclude>
    <ClInclude Include="..\src\ColdAPI_Steam\public SDK\IClientUnifiedMessages.h">
      <Filter>ColdAPI_Steam\public SDK</Filter>
    </ClInclude>
    <ClInclude Include="..\src\ColdAPI_Steam\public SDK\IClientUser.h">
      <Filter>ColdAPI_Steam\public SDK</Filter>
    </ClInclude>
    <ClInclude Include="..\src\ColdAPI_Steam\public SDK\IClientUserStats.h">
      <Filter>ColdAPI_Steam\public SDK</Filter>
    </ClInclude>
    <ClInclude Include="..\src\ColdAPI_Steam\public SDK\IClientUtils.h">
      <Filter>ColdAPI_Steam\public SDK</Filter>
    </ClInclude>
    <ClInclude Include="..\src\ColdAPI_Steam\public SDK\Interface_OSW.h">
      <Filter>ColdAPI_Steam\public SDK</Filter>
    </ClInclude>
    <ClInclude Include="..\src\ColdAPI_Steam\public SDK\InventoryCommon.h">
      <Filter>ColdAPI_Steam\public SDK</Filter>
    </ClInclude>
    <ClInclude Include="..\src\ColdAPI_Steam\public SDK\ISteam2Bridge001.h">
      <Filter>ColdAPI_Steam\public SDK</Filter>
    </ClInclude>
    <ClInclude Include="..\src\ColdAPI_Steam\public SDK\ISteam2Bridge002.h">
      <Filter>ColdAPI_Steam\public SDK</Filter>
    </ClInclude>
    <ClInclude Include="..\src\ColdAPI_Steam\public SDK\ISteam003.h">
      <Filter>ColdAPI_Steam\public SDK</Filter>
    </ClInclude>
    <ClInclude Include="..\src\ColdAPI_Steam\public SDK\ISteam004.h">
      <Filter>ColdAPI_Steam\public SDK</Filter>
    </ClInclude>
    <ClInclude Include="..\src\ColdAPI_Steam\public SDK\ISteam005.h">
      <Filter>ColdAPI_Steam\public SDK</Filter>
    </ClInclude>
    <ClInclude Include="..\src\ColdAPI_Steam\public SDK\ISteam006.h">
      <Filter>ColdAPI_Steam\public SDK</Filter>
    </ClInclude>
    <ClInclude Include="..\src\ColdAPI_Steam\public SDK\ISteamAppList001.h">
      <Filter>ColdAPI_Steam\public SDK</Filter>
    </ClInclude>
    <ClInclude Include="..\src\ColdAPI_Steam\public SDK\ISteamApps001.h">
      <Filter>ColdAPI_Steam\public SDK</Filter>
    </ClInclude>
    <ClInclude Include="..\src\ColdAPI_Steam\public SDK\ISteamApps002.h">
      <Filter>ColdAPI_Steam\public SDK</Filter>
    </ClInclude>
    <ClInclude Include="..\src\ColdAPI_Steam\public SDK\ISteamApps003.h">
      <Filter>ColdAPI_Steam\public SDK</Filter>
    </ClInclude>
    <ClInclude Include="..\src\ColdAPI_Steam\public SDK\ISteamApps004.h">
      <Filter>ColdAPI_Steam\public SDK</Filter>
    </ClInclude>
    <ClInclude Include="..\src\ColdAPI_Steam\public SDK\ISteamApps005.h">
      <Filter>ColdAPI_Steam\public SDK</Filter>
    </ClInclude>
    <ClInclude Include="..\src\ColdAPI_Steam\public SDK\ISteamApps006.h">
      <Filter>ColdAPI_Steam\public SDK</Filter>
    </ClInclude>
    <ClInclude Include="..\src\ColdAPI_Steam\public SDK\ISteamApps007.h">
      <Filter>ColdAPI_Steam\public SDK</Filter>
    </ClInclude>
    <ClInclude Include="..\src\ColdAPI_Steam\public SDK\ISteamApps008.h">
      <Filter>ColdAPI_Steam\public SDK</Filter>
    </ClInclude>
    <ClInclude Include="..\src\ColdAPI_Steam\public SDK\ISteamAppTicket001.h">
      <Filter>ColdAPI_Steam\public SDK</Filter>
    </ClInclude>
    <ClInclude Include="..\src\ColdAPI_Steam\public SDK\ISteamBilling001.h">
      <Filter>ColdAPI_Steam\public SDK</Filter>
    </ClInclude>
    <ClInclude Include="..\src\ColdAPI_Steam\public SDK\ISteamBilling002.h">
      <Filter>ColdAPI_Steam\public SDK</Filter>
    </ClInclude>
    <ClInclude Include="..\src\ColdAPI_Steam\public SDK\ISteamClient006.h">
      <Filter>ColdAPI_Steam\public SDK</Filter>
    </ClInclude>
    <ClInclude Include="..\src\ColdAPI_Steam\public SDK\ISteamClient007.h">
      <Filter>ColdAPI_Steam\public SDK</Filter>
    </ClInclude>
    <ClInclude Include="..\src\ColdAPI_Steam\public SDK\ISteamClient008.h">
      <Filter>ColdAPI_Steam\public SDK</Filter>
    </ClInclude>
    <ClInclude Include="..\src\ColdAPI_Steam\public SDK\ISteamClient009.h">
      <Filter>ColdAPI_Steam\public SDK</Filter>
    </ClInclude>
    <ClInclude Include="..\src\ColdAPI_Steam\public SDK\ISteamClient010.h">
      <Filter>ColdAPI_Steam\public SDK</Filter>
    </ClInclude>
    <ClInclude Include="..\src\ColdAPI_Steam\public SDK\ISteamClient011.h">
      <Filter>ColdAPI_Steam\public SDK</Filter>
    </ClInclude>
    <ClInclude Include="..\src\ColdAPI_Steam\public SDK\ISteamClient012.h">
      <Filter>ColdAPI_Steam\public SDK</Filter>
    </ClInclude>
    <ClInclude Include="..\src\ColdAPI_Steam\public SDK\ISteamClient013.h">
      <Filter>ColdAPI_Steam\public SDK</Filter>
    </ClInclude>
    <ClInclude Include="..\src\ColdAPI_Steam\public SDK\ISteamClient014.h">
      <Filter>ColdAPI_Steam\public SDK</Filter>
    </ClInclude>
    <ClInclude Include="..\src\ColdAPI_Steam\public SDK\ISteamClient015.h">
      <Filter>ColdAPI_Steam\public SDK</Filter>
    </ClInclude>
    <ClInclude Include="..\src\ColdAPI_Steam\public SDK\ISteamClient016.h">
      <Filter>ColdAPI_Steam\public SDK</Filter>
    </ClInclude>
    <ClInclude Include="..\src\ColdAPI_Steam\public SDK\ISteamClient017.h">
      <Filter>ColdAPI_Steam\public SDK</Filter>
    </ClInclude>
    <ClInclude Include="..\src\ColdAPI_Steam\public SDK\ISteamClient018.h">
      <Filter>ColdAPI_Steam\public SDK</Filter>
    </ClInclude>
    <ClInclude Include="..\src\ColdAPI_Steam\public SDK\ISteamClient019.h">
      <Filter>ColdAPI_Steam\public SDK</Filter>
    </ClInclude>
    <ClInclude Include="..\src\ColdAPI_Steam\public SDK\ISteamContentServer001.h">
      <Filter>ColdAPI_Steam\public SDK</Filter>
    </ClInclude>
    <ClInclude Include="..\src\ColdAPI_Steam\public SDK\ISteamContentServer002.h">
      <Filter>ColdAPI_Steam\public SDK</Filter>
    </ClInclude>
    <ClInclude Include="..\src\ColdAPI_Steam\public SDK\ISteamController001.h">
      <Filter>ColdAPI_Steam\public SDK</Filter>
    </ClInclude>
    <ClInclude Include="..\src\ColdAPI_Steam\public SDK\ISteamController002.h">
      <Filter>ColdAPI_Steam\public SDK</Filter>
    </ClInclude>
    <ClInclude Include="..\src\ColdAPI_Steam\public SDK\ISteamController003.h">
      <Filter>ColdAPI_Steam\public SDK</Filter>
    </ClInclude>
    <ClInclude Include="..\src\ColdAPI_Steam\public SDK\ISteamController004.h">
      <Filter>ColdAPI_Steam\public SDK</Filter>
    </ClInclude>
    <ClInclude Include="..\src\ColdAPI_Steam\public SDK\ISteamController005.h">
      <Filter>ColdAPI_Steam\public SDK</Filter>
    </ClInclude>
    <ClInclude Include="..\src\ColdAPI_Steam\public SDK\ISteamController006.h">
      <Filter>ColdAPI_Steam\public SDK</Filter>
    </ClInclude>
    <ClInclude Include="..\src\ColdAPI_Steam\public SDK\ISteamController007.h">
      <Filter>ColdAPI_Steam\public SDK</Filter>
    </ClInclude>
    <ClInclude Include="..\src\ColdAPI_Steam\public SDK\ISteamFriends001.h">
      <Filter>ColdAPI_Steam\public SDK</Filter>
    </ClInclude>
    <ClInclude Include="..\src\ColdAPI_Steam\public SDK\ISteamFriends002.h">
      <Filter>ColdAPI_Steam\public SDK</Filter>
    </ClInclude>
    <ClInclude Include="..\src\ColdAPI_Steam\public SDK\ISteamFriends003.h">
      <Filter>ColdAPI_Steam\public SDK</Filter>
    </ClInclude>
    <ClInclude Include="..\src\ColdAPI_Steam\public SDK\ISteamFriends004.h">
      <Filter>ColdAPI_Steam\public SDK</Filter>
    </ClInclude>
    <ClInclude Include="..\src\ColdAPI_Steam\public SDK\ISteamFriends005.h">
      <Filter>ColdAPI_Steam\public SDK</Filter>
    </ClInclude>
    <ClInclude Include="..\src\ColdAPI_Steam\public SDK\ISteamFriends006.h">
      <Filter>ColdAPI_Steam\public SDK</Filter>
    </ClInclude>
    <ClInclude Include="..\src\ColdAPI_Steam\public SDK\ISteamFriends007.h">
      <Filter>ColdAPI_Steam\public SDK</Filter>
    </ClInclude>
    <ClInclude Include="..\src\ColdAPI_Steam\public SDK\ISteamFriends008.h">
      <Filter>ColdAPI_Steam\public SDK</Filter>
    </ClInclude>
    <ClInclude Include="..\src\ColdAPI_Steam\public SDK\ISteamFriends009.h">
      <Filter>ColdAPI_Steam\public SDK</Filter>
    </ClInclude>
    <ClInclude Include="..\src\ColdAPI_Steam\public SDK\ISteamFriends010.h">
      <Filter>ColdAPI_Steam\public SDK</Filter>
    </ClInclude>
    <ClInclude Include="..\src\ColdAPI_Steam\public SDK\ISteamFriends011.h">
      <Filter>ColdAPI_Steam\public SDK</Filter>
    </ClInclude>
    <ClInclude Include="..\src\ColdAPI_Steam\public SDK\ISteamFriends012.h">
      <Filter>ColdAPI_Steam\public SDK</Filter>
    </ClInclude>
    <ClInclude Include="..\src\ColdAPI_Steam\public SDK\ISteamFriends013.h">
      <Filter>ColdAPI_Steam\public SDK</Filter>
    </ClInclude>
    <ClInclude Include="..\src\ColdAPI_Steam\public SDK\ISteamFriends014.h">
      <Filter>ColdAPI_Steam\public SDK</Filter>
    </ClInclude>
    <ClInclude Include="..\src\ColdAPI_Steam\public SDK\ISteamFriends015.h">
      <Filter>ColdAPI_Steam\public SDK</Filter>
    </ClInclude>
    <ClInclude Include="..\src\ColdAPI_Steam\public SDK\ISteamFriends016.h">
      <Filter>ColdAPI_Steam\public SDK</Filter>
    </ClInclude>
    <ClInclude Include="..\src\ColdAPI_Steam\public SDK\ISteamFriends017.h">
      <Filter>ColdAPI_Steam\public SDK</Filter>
    </ClInclude>
    <ClInclude Include="..\src\ColdAPI_Steam\public SDK\ISteamGameCoordinator001.h">
      <Filter>ColdAPI_Steam\public SDK</Filter>
    </ClInclude>
    <ClInclude Include="..\src\ColdAPI_Steam\public SDK\ISteamGameSearch001.h">
      <Filter>ColdAPI_Steam\public SDK</Filter>
    </ClInclude>
    <ClInclude Include="..\src\ColdAPI_Steam\public SDK\ISteamGameServer002.h">
      <Filter>ColdAPI_Steam\public SDK</Filter>
    </ClInclude>
    <ClInclude Include="..\src\ColdAPI_Steam\public SDK\ISteamGameServer003.h">
      <Filter>ColdAPI_Steam\public SDK</Filter>
    </ClInclude>
    <ClInclude Include="..\src\ColdAPI_Steam\public SDK\ISteamGameServer004.h">
      <Filter>ColdAPI_Steam\public SDK</Filter>
    </ClInclude>
    <ClInclude Include="..\src\ColdAPI_Steam\public SDK\ISteamGameServer005.h">
      <Filter>ColdAPI_Steam\public SDK</Filter>
    </ClInclude>
    <ClInclude Include="..\src\ColdAPI_Steam\public SDK\ISteamGameServer006.h">
      <Filter>ColdAPI_Steam\public SDK</Filter>
    </ClInclude>
    <ClInclude Include="..\src\ColdAPI_Steam\public SDK\ISteamGameServer007.h">
      <Filter>ColdAPI_Steam\public SDK</Filter>
    </ClInclude>
    <ClInclude Include="..\src\ColdAPI_Steam\public SDK\ISteamGameServer008.h">
      <Filter>ColdAPI_Steam\public SDK</Filter>
    </ClInclude>
    <ClInclude Include="..\src\ColdAPI_Steam\public SDK\ISteamGameServer009.h">
      <Filter>ColdAPI_Steam\public SDK</Filter>
    </ClInclude>
    <ClInclude Include="..\src\ColdAPI_Steam\public SDK\ISteamGameServer010.h">
      <Filter>ColdAPI_Steam\public SDK</Filter>
    </ClInclude>
    <ClInclude Include="..\src\ColdAPI_Steam\public SDK\ISteamGameServer011.h">
      <Filter>ColdAPI_Steam\public SDK</Filter>
    </ClInclude>
    <ClInclude Include="..\src\ColdAPI_Steam\public SDK\ISteamGameServer012.h">
      <Filter>ColdAPI_Steam\public SDK</Filter>
    </ClInclude>
    <ClInclude Include="..\src\ColdAPI_Steam\public SDK\ISteamGameServerStats001.h">
      <Filter>ColdAPI_Steam\public SDK</Filter>
    </ClInclude>
    <ClInclude Include="..\src\ColdAPI_Steam\public SDK\ISteamGameStats001.h">
      <Filter>ColdAPI_Steam\public SDK</Filter>
    </ClInclude>
    <ClInclude Include="..\src\ColdAPI_Steam\public SDK\ISteamHTMLSurface002.h">
      <Filter>ColdAPI_Steam\public SDK</Filter>
    </ClInclude>
    <ClInclude Include="..\src\ColdAPI_Steam\public SDK\ISteamHTMLSurface003.h">
      <Filter>ColdAPI_Steam\public SDK</Filter>
    </ClInclude>
    <ClInclude Include="..\src\ColdAPI_Steam\public SDK\ISteamHTMLSurface004.h">
      <Filter>ColdAPI_Steam\public SDK</Filter>
    </ClInclude>
    <ClInclude Include="..\src\ColdAPI_Steam\public SDK\ISteamHTMLSurface005.h">
      <Filter>ColdAPI_Steam\public SDK</Filter>
    </ClInclude>
    <ClInclude Include="..\src\ColdAPI_Steam\public SDK\ISteamHTTP001.h">
      <Filter>ColdAPI_Steam\public SDK</Filter>
    </ClInclude>
    <ClInclude Include="..\src\ColdAPI_Steam\public SDK\ISteamHTTP002.h">
      <Filter>ColdAPI_Steam\public SDK</Filter>
    </ClInclude>
    <ClInclude Include="..\src\ColdAPI_Steam\public SDK\ISteamHTTP003.h">
      <Filter>ColdAPI_Steam\public SDK</Filter>
    </ClInclude>
    <ClInclude Include="..\src\ColdAPI_Steam\public SDK\ISteamImput001.h">
      <Filter>ColdAPI_Steam\public SDK</Filter>
    </ClInclude>
    <ClInclude Include="..\src\ColdAPI_Steam\public SDK\ISteamInventory001.h">
      <Filter>ColdAPI_Steam\public SDK</Filter>
    </ClInclude>
    <ClInclude Include="..\src\ColdAPI_Steam\public SDK\ISteamInventory002.h">
      <Filter>ColdAPI_Steam\public SDK</Filter>
    </ClInclude>
    <ClInclude Include="..\src\ColdAPI_Steam\public SDK\ISteamInventory003.h">
      <Filter>ColdAPI_Steam\public SDK</Filter>
    </ClInclude>
    <ClInclude Include="..\src\ColdAPI_Steam\public SDK\ISteamMasterServerUpdater001.h">
      <Filter>ColdAPI_Steam\public SDK</Filter>
    </ClInclude>
    <ClInclude Include="..\src\ColdAPI_Steam\public SDK\ISteamMatchmaking001.h">
      <Filter>ColdAPI_Steam\public SDK</Filter>
    </ClInclude>
    <ClInclude Include="..\src\ColdAPI_Steam\public SDK\ISteamMatchmaking002.h">
      <Filter>ColdAPI_Steam\public SDK</Filter>
    </ClInclude>
    <ClInclude Include="..\src\ColdAPI_Steam\public SDK\ISteamMatchmaking003.h">
      <Filter>ColdAPI_Steam\public SDK</Filter>
    </ClInclude>
    <ClInclude Include="..\src\ColdAPI_Steam\public SDK\ISteamMatchmaking004.h">
      <Filter>ColdAPI_Steam\public SDK</Filter>
    </ClInclude>
    <ClInclude Include="..\src\ColdAPI_Steam\public SDK\ISteamMatchmaking005.h">
      <Filter>ColdAPI_Steam\public SDK</Filter>
    </ClInclude>
    <ClInclude Include="..\src\ColdAPI_Steam\public SDK\ISteamMatchmaking006.h">
      <Filter>ColdAPI_Steam\public SDK</Filter>
    </ClInclude>
    <ClInclude Include="..\src\ColdAPI_Steam\public SDK\ISteamMatchmaking007.h">
      <Filter>ColdAPI_Steam\public SDK</Filter>
    </ClInclude>
    <ClInclude Include="..\src\ColdAPI_Steam\public SDK\ISteamMatchmaking008.h">
      <Filter>ColdAPI_Steam\public SDK</Filter>
    </ClInclude>
    <ClInclude Include="..\src\ColdAPI_Steam\public SDK\ISteamMatchmaking009.h">
      <Filter>ColdAPI_Steam\public SDK</Filter>
    </ClInclude>
    <ClInclude Include="..\src\ColdAPI_Steam\public SDK\ISteamMatchmakingServers001.h">
      <Filter>ColdAPI_Steam\public SDK</Filter>
    </ClInclude>
    <ClInclude Include="..\src\ColdAPI_Steam\public SDK\ISteamMatchmakingServers002.h">
      <Filter>ColdAPI_Steam\public SDK</Filter>
    </ClInclude>
    <ClInclude Include="..\src\ColdAPI_Steam\public SDK\ISteamMusic001.h">
      <Filter>ColdAPI_Steam\public SDK</Filter>
    </ClInclude>
    <ClInclude Include="..\src\ColdAPI_Steam\public SDK\ISteamMusicRemote001.h">
      <Filter>ColdAPI_Steam\public SDK</Filter>
    </ClInclude>
    <ClInclude Include="..\src\ColdAPI_Steam\public SDK\ISteamNetworking001.h">
      <Filter>ColdAPI_Steam\public SDK</Filter>
    </ClInclude>
    <ClInclude Include="..\src\ColdAPI_Steam\public SDK\ISteamNetworking002.h">
      <Filter>ColdAPI_Steam\public SDK</Filter>
    </ClInclude>
    <ClInclude Include="..\src\ColdAPI_Steam\public SDK\ISteamNetworking003.h">
      <Filter>ColdAPI_Steam\public SDK</Filter>
    </ClInclude>
    <ClInclude Include="..\src\ColdAPI_Steam\public SDK\ISteamNetworking004.h">
      <Filter>ColdAPI_Steam\public SDK</Filter>
    </ClInclude>
    <ClInclude Include="..\src\ColdAPI_Steam\public SDK\ISteamNetworking005.h">
      <Filter>ColdAPI_Steam\public SDK</Filter>
    </ClInclude>
    <ClInclude Include="..\src\ColdAPI_Steam\public SDK\ISteamOAuth001.h">
      <Filter>ColdAPI_Steam\public SDK</Filter>
    </ClInclude>
    <ClInclude Include="..\src\ColdAPI_Steam\public SDK\isteamparentalsettings.h">
      <Filter>ColdAPI_Steam\public SDK</Filter>
    </ClInclude>
    <ClInclude Include="..\src\ColdAPI_Steam\public SDK\ISteamParties002.h">
      <Filter>ColdAPI_Steam\public SDK</Filter>
    </ClInclude>
    <ClInclude Include="..\src\ColdAPI_Steam\public SDK\ISteamRemotePlay001.h">
      <Filter>ColdAPI_Steam\public SDK</Filter>
    </ClInclude>
    <ClInclude Include="..\src\ColdAPI_Steam\public SDK\ISteamRemoteStorage001.h">
      <Filter>ColdAPI_Steam\public SDK</Filter>
    </ClInclude>
    <ClInclude Include="..\src\ColdAPI_Steam\public SDK\ISteamRemoteStorage002.h">
      <Filter>ColdAPI_Steam\public SDK</Filter>
    </ClInclude>
    <ClInclude Include="..\src\ColdAPI_Steam\public SDK\ISteamRemoteStorage003.h">
      <Filter>ColdAPI_Steam\public SDK</Filter>
    </ClInclude>
    <ClInclude Include="..\src\ColdAPI_Steam\public SDK\ISteamRemoteStorage004.h">
      <Filter>ColdAPI_Steam\public SDK</Filter>
    </ClInclude>
    <ClInclude Include="..\src\ColdAPI_Steam\public SDK\ISteamRemoteStorage005.h">
      <Filter>ColdAPI_Steam\public SDK</Filter>
    </ClInclude>
    <ClInclude Include="..\src\ColdAPI_Steam\public SDK\ISteamRemoteStorage006.h">
      <Filter>ColdAPI_Steam\public SDK</Filter>
    </ClInclude>
    <ClInclude Include="..\src\ColdAPI_Steam\public SDK\ISteamRemoteStorage007.h">
      <Filter>ColdAPI_Steam\public SDK</Filter>
    </ClInclude>
    <ClInclude Include="..\src\ColdAPI_Steam\public SDK\ISteamRemoteStorage008.h">
      <Filter>ColdAPI_Steam\public SDK</Filter>
    </ClInclude>
    <ClInclude Include="..\src\ColdAPI_Steam\public SDK\ISteamRemoteStorage009.h">
      <Filter>ColdAPI_Steam\public SDK</Filter>
    </ClInclude>
    <ClInclude Include="..\src\ColdAPI_Steam\public SDK\ISteamRemoteStorage010.h">
      <Filter>ColdAPI_Steam\public SDK</Filter>
    </ClInclude>
    <ClInclude Include="..\src\ColdAPI_Steam\public SDK\ISteamRemoteStorage011.h">
      <Filter>ColdAPI_Steam\public SDK</Filter>
    </ClInclude>
    <ClInclude Include="..\src\ColdAPI_Steam\public SDK\ISteamRemoteStorage012.h">
      <Filter>ColdAPI_Steam\public SDK</Filter>
    </ClInclude>
    <ClInclude Include="..\src\ColdAPI_Steam\public SDK\ISteamRemoteStorage013.h">
      <Filter>ColdAPI_Steam\public SDK</Filter>
    </ClInclude>
    <ClInclude Include="..\src\ColdAPI_Steam\public SDK\ISteamRemoteStorage014.h">
      <Filter>ColdAPI_Steam\public SDK</Filter>
    </ClInclude>
    <ClInclude Include="..\src\ColdAPI_Steam\public SDK\ISteamScreenshots001.h">
      <Filter>ColdAPI_Steam\public SDK</Filter>
    </ClInclude>
    <ClInclude Include="..\src\ColdAPI_Steam\public SDK\ISteamScreenshots002.h">
      <Filter>ColdAPI_Steam\public SDK</Filter>
    </ClInclude>
    <ClInclude Include="..\src\ColdAPI_Steam\public SDK\ISteamScreenshots003.h">
      <Filter>ColdAPI_Steam\public SDK</Filter>
    </ClInclude>
    <ClInclude Include="..\src\ColdAPI_Steam\public SDK\ISteamStreamLauncher001.h">
      <Filter>ColdAPI_Steam\public SDK</Filter>
    </ClInclude>
    <ClInclude Include="..\src\ColdAPI_Steam\public SDK\ISteamUGC001.h">
      <Filter>ColdAPI_Steam\public SDK</Filter>
    </ClInclude>
    <ClInclude Include="..\src\ColdAPI_Steam\public SDK\ISteamUGC002.h">
      <Filter>ColdAPI_Steam\public SDK</Filter>
    </ClInclude>
    <ClInclude Include="..\src\ColdAPI_Steam\public SDK\ISteamUGC003.h">
      <Filter>ColdAPI_Steam\public SDK</Filter>
    </ClInclude>
    <ClInclude Include="..\src\ColdAPI_Steam\public SDK\ISteamUGC004.h">
      <Filter>ColdAPI_Steam\public SDK</Filter>
    </ClInclude>
    <ClInclude Include="..\src\ColdAPI_Steam\public SDK\ISteamUGC005.h">
      <Filter>ColdAPI_Steam\public SDK</Filter>
    </ClInclude>
    <ClInclude Include="..\src\ColdAPI_Steam\public SDK\ISteamUGC007.h">
      <Filter>ColdAPI_Steam\public SDK</Filter>
    </ClInclude>
    <ClInclude Include="..\src\ColdAPI_Steam\public SDK\ISteamUGC008.h">
      <Filter>ColdAPI_Steam\public SDK</Filter>
    </ClInclude>
    <ClInclude Include="..\src\ColdAPI_Steam\public SDK\ISteamUGC009.h">
      <Filter>ColdAPI_Steam\public SDK</Filter>
    </ClInclude>
    <ClInclude Include="..\src\ColdAPI_Steam\public SDK\ISteamUGC010.h">
      <Filter>ColdAPI_Steam\public SDK</Filter>
    </ClInclude>
    <ClInclude Include="..\src\ColdAPI_Steam\public SDK\ISteamUGC012.h">
      <Filter>ColdAPI_Steam\public SDK</Filter>
    </ClInclude>
    <ClInclude Include="..\src\ColdAPI_Steam\public SDK\ISteamUGC013.h">
      <Filter>ColdAPI_Steam\public SDK</Filter>
    </ClInclude>
    <ClInclude Include="..\src\ColdAPI_Steam\public SDK\ISteamUnifiedMessages001.h">
      <Filter>ColdAPI_Steam\public SDK</Filter>
    </ClInclude>
    <ClInclude Include="..\src\ColdAPI_Steam\public SDK\ISteamUser004.h">
      <Filter>ColdAPI_Steam\public SDK</Filter>
    </ClInclude>
    <ClInclude Include="..\src\ColdAPI_Steam\public SDK\ISteamUser005.h">
      <Filter>ColdAPI_Steam\public SDK</Filter>
    </ClInclude>
    <ClInclude Include="..\src\ColdAPI_Steam\public SDK\ISteamUser006.h">
      <Filter>ColdAPI_Steam\public SDK</Filter>
    </ClInclude>
    <ClInclude Include="..\src\ColdAPI_Steam\public SDK\ISteamUser007.h">
      <Filter>ColdAPI_Steam\public SDK</Filter>
    </ClInclude>
    <ClInclude Include="..\src\ColdAPI_Steam\public SDK\ISteamUser008.h">
      <Filter>ColdAPI_Steam\public SDK</Filter>
    </ClInclude>
    <ClInclude Include="..\src\ColdAPI_Steam\public SDK\ISteamUser009.h">
      <Filter>ColdAPI_Steam\public SDK</Filter>
    </ClInclude>
    <ClInclude Include="..\src\ColdAPI_Steam\public SDK\ISteamUser010.h">
      <Filter>ColdAPI_Steam\public SDK</Filter>
    </ClInclude>
    <ClInclude Include="..\src\ColdAPI_Steam\public SDK\ISteamUser011.h">
      <Filter>ColdAPI_Steam\public SDK</Filter>
    </ClInclude>
    <ClInclude Include="..\src\ColdAPI_Steam\public SDK\ISteamUser012.h">
      <Filter>ColdAPI_Steam\public SDK</Filter>
    </ClInclude>
    <ClInclude Include="..\src\ColdAPI_Steam\public SDK\ISteamUser013.h">
      <Filter>ColdAPI_Steam\public SDK</Filter>
    </ClInclude>
    <ClInclude Include="..\src\ColdAPI_Steam\public SDK\ISteamUser014.h">
      <Filter>ColdAPI_Steam\public SDK</Filter>
    </ClInclude>
    <ClInclude Include="..\src\ColdAPI_Steam\public SDK\ISteamUser015.h">
      <Filter>ColdAPI_Steam\public SDK</Filter>
    </ClInclude>
    <ClInclude Include="..\src\ColdAPI_Steam\public SDK\ISteamUser016.h">
      <Filter>ColdAPI_Steam\public SDK</Filter>
    </ClInclude>
    <ClInclude Include="..\src\ColdAPI_Steam\public SDK\ISteamUser017.h">
      <Filter>ColdAPI_Steam\public SDK</Filter>
    </ClInclude>
    <ClInclude Include="..\src\ColdAPI_Steam\public SDK\ISteamUser018.h">
      <Filter>ColdAPI_Steam\public SDK</Filter>
    </ClInclude>
    <ClInclude Include="..\src\ColdAPI_Steam\public SDK\ISteamUser019.h">
      <Filter>ColdAPI_Steam\public SDK</Filter>
    </ClInclude>
    <ClInclude Include="..\src\ColdAPI_Steam\public SDK\ISteamUser020.h">
      <Filter>ColdAPI_Steam\public SDK</Filter>
    </ClInclude>
    <ClInclude Include="..\src\ColdAPI_Steam\public SDK\ISteamUserStats001.h">
      <Filter>ColdAPI_Steam\public SDK</Filter>
    </ClInclude>
    <ClInclude Include="..\src\ColdAPI_Steam\public SDK\ISteamUserStats002.h">
      <Filter>ColdAPI_Steam\public SDK</Filter>
    </ClInclude>
    <ClInclude Include="..\src\ColdAPI_Steam\public SDK\ISteamUserStats003.h">
      <Filter>ColdAPI_Steam\public SDK</Filter>
    </ClInclude>
    <ClInclude Include="..\src\ColdAPI_Steam\public SDK\ISteamUserStats004.h">
      <Filter>ColdAPI_Steam\public SDK</Filter>
    </ClInclude>
    <ClInclude Include="..\src\ColdAPI_Steam\public SDK\ISteamUserStats005.h">
      <Filter>ColdAPI_Steam\public SDK</Filter>
    </ClInclude>
    <ClInclude Include="..\src\ColdAPI_Steam\public SDK\ISteamUserStats006.h">
      <Filter>ColdAPI_Steam\public SDK</Filter>
    </ClInclude>
    <ClInclude Include="..\src\ColdAPI_Steam\public SDK\ISteamUserStats007.h">
      <Filter>ColdAPI_Steam\public SDK</Filter>
    </ClInclude>
    <ClInclude Include="..\src\ColdAPI_Steam\public SDK\ISteamUserStats008.h">
      <Filter>ColdAPI_Steam\public SDK</Filter>
    </ClInclude>
    <ClInclude Include="..\src\ColdAPI_Steam\public SDK\ISteamUserStats009.h">
      <Filter>ColdAPI_Steam\public SDK</Filter>
    </ClInclude>
    <ClInclude Include="..\src\ColdAPI_Steam\public SDK\ISteamUserStats010.h">
      <Filter>ColdAPI_Steam\public SDK</Filter>
    </ClInclude>
    <ClInclude Include="..\src\ColdAPI_Steam\public SDK\ISteamUserStats011.h">
      <Filter>ColdAPI_Steam\public SDK</Filter>
    </ClInclude>
    <ClInclude Include="..\src\ColdAPI_Steam\public SDK\ISteamUtils001.h">
      <Filter>ColdAPI_Steam\public SDK</Filter>
    </ClInclude>
    <ClInclude Include="..\src\ColdAPI_Steam\public SDK\ISteamUtils002.h">
      <Filter>ColdAPI_Steam\public SDK</Filter>
    </ClInclude>
    <ClInclude Include="..\src\ColdAPI_Steam\public SDK\ISteamUtils003.h">
      <Filter>ColdAPI_Steam\public SDK</Filter>
    </ClInclude>
    <ClInclude Include="..\src\ColdAPI_Steam\public SDK\ISteamUtils004.h">
      <Filter>ColdAPI_Steam\public SDK</Filter>
    </ClInclude>
    <ClInclude Include="..\src\ColdAPI_Steam\public SDK\ISteamUtils005.h">
      <Filter>ColdAPI_Steam\public SDK</Filter>
    </ClInclude>
    <ClInclude Include="..\src\ColdAPI_Steam\public SDK\ISteamUtils006.h">
      <Filter>ColdAPI_Steam\public SDK</Filter>
    </ClInclude>
    <ClInclude Include="..\src\ColdAPI_Steam\public SDK\ISteamUtils007.h">
      <Filter>ColdAPI_Steam\public SDK</Filter>
    </ClInclude>
    <ClInclude Include="..\src\ColdAPI_Steam\public SDK\ISteamUtils008.h">
      <Filter>ColdAPI_Steam\public SDK</Filter>
    </ClInclude>
    <ClInclude Include="..\src\ColdAPI_Steam\public SDK\ISteamUtils009.h">
      <Filter>ColdAPI_Steam\public SDK</Filter>
    </ClInclude>
    <ClInclude Include="..\src\ColdAPI_Steam\public SDK\ISteamVideo001.h">
      <Filter>ColdAPI_Steam\public SDK</Filter>
    </ClInclude>
    <ClInclude Include="..\src\ColdAPI_Steam\public SDK\ISteamVideo002.h">
      <Filter>ColdAPI_Steam\public SDK</Filter>
    </ClInclude>
    <ClInclude Include="..\src\ColdAPI_Steam\public SDK\MasterServerUpdaterCommon.h">
      <Filter>ColdAPI_Steam\public SDK</Filter>
    </ClInclude>
    <ClInclude Include="..\src\ColdAPI_Steam\public SDK\MatchmakingCommon.h">
      <Filter>ColdAPI_Steam\public SDK</Filter>
    </ClInclude>
    <ClInclude Include="..\src\ColdAPI_Steam\public SDK\MatchMakingKeyValuePair.h">
      <Filter>ColdAPI_Steam\public SDK</Filter>
    </ClInclude>
    <ClInclude Include="..\src\ColdAPI_Steam\public SDK\MatchmakingServersCommon.h">
      <Filter>ColdAPI_Steam\public SDK</Filter>
    </ClInclude>
    <ClInclude Include="..\src\ColdAPI_Steam\public SDK\MusicCommon.h">
      <Filter>ColdAPI_Steam\public SDK</Filter>
    </ClInclude>
    <ClInclude Include="..\src\ColdAPI_Steam\public SDK\MusicRemoteCommon.h">
      <Filter>ColdAPI_Steam\public SDK</Filter>
    </ClInclude>
    <ClInclude Include="..\src\ColdAPI_Steam\public SDK\NetworkingCommon.h">
      <Filter>ColdAPI_Steam\public SDK</Filter>
    </ClInclude>
    <ClInclude Include="..\src\ColdAPI_Steam\public SDK\OAuthCommon.h">
      <Filter>ColdAPI_Steam\public SDK</Filter>
    </ClInclude>
    <ClInclude Include="..\src\ColdAPI_Steam\public SDK\POSIXLibrary.h">
      <Filter>ColdAPI_Steam\public SDK</Filter>
    </ClInclude>
    <ClInclude Include="..\src\ColdAPI_Steam\public SDK\RemoteStorageCommon.h">
      <Filter>ColdAPI_Steam\public SDK</Filter>
    </ClInclude>
    <ClInclude Include="..\src\ColdAPI_Steam\public SDK\ScreenshotsCommon.h">
      <Filter>ColdAPI_Steam\public SDK</Filter>
    </ClInclude>
    <ClInclude Include="..\src\ColdAPI_Steam\public SDK\servernetadr.h">
      <Filter>ColdAPI_Steam\public SDK</Filter>
    </ClInclude>
    <ClInclude Include="..\src\ColdAPI_Steam\public SDK\Steam.h">
      <Filter>ColdAPI_Steam\public SDK</Filter>
    </ClInclude>
    <ClInclude Include="..\src\ColdAPI_Steam\public SDK\SteamAPI.h">
      <Filter>ColdAPI_Steam\public SDK</Filter>
    </ClInclude>
    <ClInclude Include="..\src\ColdAPI_Steam\public SDK\Steamclient.h">
      <Filter>ColdAPI_Steam\public SDK</Filter>
    </ClInclude>
    <ClInclude Include="..\src\ColdAPI_Steam\public SDK\SteamclientAPI.h">
      <Filter>ColdAPI_Steam\public SDK</Filter>
    </ClInclude>
    <ClInclude Include="..\src\ColdAPI_Steam\public SDK\SteamSalt.h">
      <Filter>ColdAPI_Steam\public SDK</Filter>
    </ClInclude>
    <ClInclude Include="..\src\ColdAPI_Steam\public SDK\SteamTypes.h">
      <Filter>ColdAPI_Steam\public SDK</Filter>
    </ClInclude>
    <ClInclude Include="..\src\ColdAPI_Steam\public SDK\Steamworks.h">
      <Filter>ColdAPI_Steam\public SDK</Filter>
    </ClInclude>
    <ClInclude Include="..\src\ColdAPI_Steam\public SDK\StreamLauncherCommon.h">
      <Filter>ColdAPI_Steam\public SDK</Filter>
    </ClInclude>
    <ClInclude Include="..\src\ColdAPI_Steam\public SDK\TSteamApp.h">
      <Filter>ColdAPI_Steam\public SDK</Filter>
    </ClInclude>
    <ClInclude Include="..\src\ColdAPI_Steam\public SDK\TSteamAppDependencyInfo.h">
      <Filter>ColdAPI_Steam\public SDK</Filter>
    </ClInclude>
    <ClInclude Include="..\src\ColdAPI_Steam\public SDK\TSteamAppLaunchOption.h">
      <Filter>ColdAPI_Steam\public SDK</Filter>
    </ClInclude>
    <ClInclude Include="..\src\ColdAPI_Steam\public SDK\TSteamAppStats.h">
      <Filter>ColdAPI_Steam\public SDK</Filter>
    </ClInclude>
    <ClInclude Include="..\src\ColdAPI_Steam\public SDK\TSteamAppVersion.h">
      <Filter>ColdAPI_Steam\public SDK</Filter>
    </ClInclude>
    <ClInclude Include="..\src\ColdAPI_Steam\public SDK\TSteamDiscountQualifier.h">
      <Filter>ColdAPI_Steam\public SDK</Filter>
    </ClInclude>
    <ClInclude Include="..\src\ColdAPI_Steam\public SDK\TSteamElemInfo.h">
      <Filter>ColdAPI_Steam\public SDK</Filter>
    </ClInclude>
    <ClInclude Include="..\src\ColdAPI_Steam\public SDK\TSteamError.h">
      <Filter>ColdAPI_Steam\public SDK</Filter>
    </ClInclude>
    <ClInclude Include="..\src\ColdAPI_Steam\public SDK\TSteamExternalBillingInfo.h">
      <Filter>ColdAPI_Steam\public SDK</Filter>
    </ClInclude>
    <ClInclude Include="..\src\ColdAPI_Steam\public SDK\TSteamGlobalUserID.h">
      <Filter>ColdAPI_Steam\public SDK</Filter>
    </ClInclude>
    <ClInclude Include="..\src\ColdAPI_Steam\public SDK\TSteamOfflineStatus.h">
      <Filter>ColdAPI_Steam\public SDK</Filter>
    </ClInclude>
    <ClInclude Include="..\src\ColdAPI_Steam\public SDK\TSteamPaymentCardInfo.h">
      <Filter>ColdAPI_Steam\public SDK</Filter>
    </ClInclude>
    <ClInclude Include="..\src\ColdAPI_Steam\public SDK\TSteamPaymentCardReceiptInfo.h">
      <Filter>ColdAPI_Steam\public SDK</Filter>
    </ClInclude>
    <ClInclude Include="..\src\ColdAPI_Steam\public SDK\TSteamPrepurchaseInfo.h">
      <Filter>ColdAPI_Steam\public SDK</Filter>
    </ClInclude>
    <ClInclude Include="..\src\ColdAPI_Steam\public SDK\TSteamPrepurchaseReceiptInfo.h">
      <Filter>ColdAPI_Steam\public SDK</Filter>
    </ClInclude>
    <ClInclude Include="..\src\ColdAPI_Steam\public SDK\TSteamProgress.h">
      <Filter>ColdAPI_Steam\public SDK</Filter>
    </ClInclude>
    <ClInclude Include="..\src\ColdAPI_Steam\public SDK\TSteamSplitLocalUserID.h">
      <Filter>ColdAPI_Steam\public SDK</Filter>
    </ClInclude>
    <ClInclude Include="..\src\ColdAPI_Steam\public SDK\TSteamSubscription.h">
      <Filter>ColdAPI_Steam\public SDK</Filter>
    </ClInclude>
    <ClInclude Include="..\src\ColdAPI_Steam\public SDK\TSteamSubscriptionBillingInfo.h">
      <Filter>ColdAPI_Steam\public SDK</Filter>
    </ClInclude>
    <ClInclude Include="..\src\ColdAPI_Steam\public SDK\TSteamSubscriptionDiscount.h">
      <Filter>ColdAPI_Steam\public SDK</Filter>
    </ClInclude>
    <ClInclude Include="..\src\ColdAPI_Steam\public SDK\TSteamSubscriptionReceipt.h">
      <Filter>ColdAPI_Steam\public SDK</Filter>
    </ClInclude>
    <ClInclude Include="..\src\ColdAPI_Steam\public SDK\TSteamSubscriptionStats.h">
      <Filter>ColdAPI_Steam\public SDK</Filter>
    </ClInclude>
    <ClInclude Include="..\src\ColdAPI_Steam\public SDK\TSteamUpdateStats.h">
      <Filter>ColdAPI_Steam\public SDK</Filter>
    </ClInclude>
    <ClInclude Include="..\src\ColdAPI_Steam\public SDK\UGCCommon.h">
      <Filter>ColdAPI_Steam\public SDK</Filter>
    </ClInclude>
    <ClInclude Include="..\src\ColdAPI_Steam\public SDK\UnifiedMessagesCommon.h">
      <Filter>ColdAPI_Steam\public SDK</Filter>
    </ClInclude>
    <ClInclude Include="..\src\ColdAPI_Steam\public SDK\UserCommon.h">
      <Filter>ColdAPI_Steam\public SDK</Filter>
    </ClInclude>
    <ClInclude Include="..\src\ColdAPI_Steam\public SDK\UserStatsCommon.h">
      <Filter>ColdAPI_Steam\public SDK</Filter>
    </ClInclude>
    <ClInclude Include="..\src\ColdAPI_Steam\public SDK\UtilsCommon.h">
      <Filter>ColdAPI_Steam\public SDK</Filter>
    </ClInclude>
    <ClInclude Include="..\src\ColdAPI_Steam\public SDK\VideoCommon.h">
      <Filter>ColdAPI_Steam\public SDK</Filter>
    </ClInclude>
    <ClInclude Include="..\src\ColdAPI_Steam\public SDK\Win32Library.h">
      <Filter>ColdAPI_Steam\public SDK</Filter>
    </ClInclude>
    <ClInclude Include="..\src\ColdAPI_Steam\SteamStubBypass\SteamStub.h">
      <Filter>ColdAPI_Steam\SteamStubBypass</Filter>
    </ClInclude>
    <ClInclude Include="..\src\ColdAPI_Steam\InterfacesEmulation\PublicConnector.h">
      <Filter>ColdAPI_Steam\InterfacesEmulation</Filter>
    </ClInclude>
    <ClInclude Include="..\src\ColdAPI_Steam\InterfacesEmulation\SteamAppList001.h">
      <Filter>ColdAPI_Steam\InterfacesEmulation</Filter>
    </ClInclude>
    <ClInclude Include="..\src\ColdAPI_Steam\InterfacesEmulation\SteamApps001.h">
      <Filter>ColdAPI_Steam\InterfacesEmulation</Filter>
    </ClInclude>
    <ClInclude Include="..\src\ColdAPI_Steam\InterfacesEmulation\SteamApps002.h">
      <Filter>ColdAPI_Steam\InterfacesEmulation</Filter>
    </ClInclude>
    <ClInclude Include="..\src\ColdAPI_Steam\InterfacesEmulation\SteamApps003.h">
      <Filter>ColdAPI_Steam\InterfacesEmulation</Filter>
    </ClInclude>
    <ClInclude Include="..\src\ColdAPI_Steam\InterfacesEmulation\SteamApps004.h">
      <Filter>ColdAPI_Steam\InterfacesEmulation</Filter>
    </ClInclude>
    <ClInclude Include="..\src\ColdAPI_Steam\InterfacesEmulation\SteamApps005.h">
      <Filter>ColdAPI_Steam\InterfacesEmulation</Filter>
    </ClInclude>
    <ClInclude Include="..\src\ColdAPI_Steam\InterfacesEmulation\SteamApps006.h">
      <Filter>ColdAPI_Steam\InterfacesEmulation</Filter>
    </ClInclude>
    <ClInclude Include="..\src\ColdAPI_Steam\InterfacesEmulation\SteamApps007.h">
      <Filter>ColdAPI_Steam\InterfacesEmulation</Filter>
    </ClInclude>
    <ClInclude Include="..\src\ColdAPI_Steam\InterfacesEmulation\SteamApps008.h">
      <Filter>ColdAPI_Steam\InterfacesEmulation</Filter>
    </ClInclude>
    <ClInclude Include="..\src\ColdAPI_Steam\InterfacesEmulation\SteamAppTicket001.h">
      <Filter>ColdAPI_Steam\InterfacesEmulation</Filter>
    </ClInclude>
    <ClInclude Include="..\src\ColdAPI_Steam\InterfacesEmulation\SteamBilling001.h">
      <Filter>ColdAPI_Steam\InterfacesEmulation</Filter>
    </ClInclude>
    <ClInclude Include="..\src\ColdAPI_Steam\InterfacesEmulation\SteamBilling002.h">
      <Filter>ColdAPI_Steam\InterfacesEmulation</Filter>
    </ClInclude>
    <ClInclude Include="..\src\ColdAPI_Steam\InterfacesEmulation\SteamClient006.h">
      <Filter>ColdAPI_Steam\InterfacesEmulation</Filter>
    </ClInclude>
    <ClInclude Include="..\src\ColdAPI_Steam\InterfacesEmulation\SteamClient007.h">
      <Filter>ColdAPI_Steam\InterfacesEmulation</Filter>
    </ClInclude>
    <ClInclude Include="..\src\ColdAPI_Steam\InterfacesEmulation\SteamClient008.h">
      <Filter>ColdAPI_Steam\InterfacesEmulation</Filter>
    </ClInclude>
    <ClInclude Include="..\src\ColdAPI_Steam\InterfacesEmulation\SteamClient009.h">
      <Filter>ColdAPI_Steam\InterfacesEmulation</Filter>
    </ClInclude>
    <ClInclude Include="..\src\ColdAPI_Steam\InterfacesEmulation\SteamClient010.h">
      <Filter>ColdAPI_Steam\InterfacesEmulation</Filter>
    </ClInclude>
    <ClInclude Include="..\src\ColdAPI_Steam\InterfacesEmulation\SteamClient011.h">
      <Filter>ColdAPI_Steam\InterfacesEmulation</Filter>
    </ClInclude>
    <ClInclude Include="..\src\ColdAPI_Steam\InterfacesEmulation\SteamClient012.h">
      <Filter>ColdAPI_Steam\InterfacesEmulation</Filter>
    </ClInclude>
    <ClInclude Include="..\src\ColdAPI_Steam\InterfacesEmulation\SteamClient013.h">
      <Filter>ColdAPI_Steam\InterfacesEmulation</Filter>
    </ClInclude>
    <ClInclude Include="..\src\ColdAPI_Steam\InterfacesEmulation\SteamClient014.h">
      <Filter>ColdAPI_Steam\InterfacesEmulation</Filter>
    </ClInclude>
    <ClInclude Include="..\src\ColdAPI_Steam\InterfacesEmulation\SteamClient015.h">
      <Filter>ColdAPI_Steam\InterfacesEmulation</Filter>
    </ClInclude>
    <ClInclude Include="..\src\ColdAPI_Steam\InterfacesEmulation\SteamClient016.h">
      <Filter>ColdAPI_Steam\InterfacesEmulation</Filter>
    </ClInclude>
    <ClInclude Include="..\src\ColdAPI_Steam\InterfacesEmulation\SteamClient017.h">
      <Filter>ColdAPI_Steam\InterfacesEmulation</Filter>
    </ClInclude>
    <ClInclude Include="..\src\ColdAPI_Steam\InterfacesEmulation\SteamClient018.h">
      <Filter>ColdAPI_Steam\InterfacesEmulation</Filter>
    </ClInclude>
    <ClInclude Include="..\src\ColdAPI_Steam\InterfacesEmulation\SteamClient019.h">
      <Filter>ColdAPI_Steam\InterfacesEmulation</Filter>
    </ClInclude>
    <ClInclude Include="..\src\ColdAPI_Steam\InterfacesEmulation\SteamContentServer001.h">
      <Filter>ColdAPI_Steam\InterfacesEmulation</Filter>
    </ClInclude>
    <ClInclude Include="..\src\ColdAPI_Steam\InterfacesEmulation\SteamContentServer002.h">
      <Filter>ColdAPI_Steam\InterfacesEmulation</Filter>
    </ClInclude>
    <ClInclude Include="..\src\ColdAPI_Steam\InterfacesEmulation\SteamController001.h">
      <Filter>ColdAPI_Steam\InterfacesEmulation</Filter>
    </ClInclude>
    <ClInclude Include="..\src\ColdAPI_Steam\InterfacesEmulation\SteamController002.h">
      <Filter>ColdAPI_Steam\InterfacesEmulation</Filter>
    </ClInclude>
    <ClInclude Include="..\src\ColdAPI_Steam\InterfacesEmulation\SteamController003.h">
      <Filter>ColdAPI_Steam\InterfacesEmulation</Filter>
    </ClInclude>
    <ClInclude Include="..\src\ColdAPI_Steam\InterfacesEmulation\SteamController004.h">
      <Filter>ColdAPI_Steam\InterfacesEmulation</Filter>
    </ClInclude>
    <ClInclude Include="..\src\ColdAPI_Steam\InterfacesEmulation\SteamController005.h">
      <Filter>ColdAPI_Steam\InterfacesEmulation</Filter>
    </ClInclude>
    <ClInclude Include="..\src\ColdAPI_Steam\InterfacesEmulation\SteamController006.h">
      <Filter>ColdAPI_Steam\InterfacesEmulation</Filter>
    </ClInclude>
    <ClInclude Include="..\src\ColdAPI_Steam\InterfacesEmulation\SteamController007.h">
      <Filter>ColdAPI_Steam\InterfacesEmulation</Filter>
    </ClInclude>
    <ClInclude Include="..\src\ColdAPI_Steam\InterfacesEmulation\SteamFriends001.h">
      <Filter>ColdAPI_Steam\InterfacesEmulation</Filter>
    </ClInclude>
    <ClInclude Include="..\src\ColdAPI_Steam\InterfacesEmulation\SteamFriends002.h">
      <Filter>ColdAPI_Steam\InterfacesEmulation</Filter>
    </ClInclude>
    <ClInclude Include="..\src\ColdAPI_Steam\InterfacesEmulation\SteamFriends003.h">
      <Filter>ColdAPI_Steam\InterfacesEmulation</Filter>
    </ClInclude>
    <ClInclude Include="..\src\ColdAPI_Steam\InterfacesEmulation\SteamFriends004.h">
      <Filter>ColdAPI_Steam\InterfacesEmulation</Filter>
    </ClInclude>
    <ClInclude Include="..\src\ColdAPI_Steam\InterfacesEmulation\SteamFriends005.h">
      <Filter>ColdAPI_Steam\InterfacesEmulation</Filter>
    </ClInclude>
    <ClInclude Include="..\src\ColdAPI_Steam\InterfacesEmulation\SteamFriends006.h">
      <Filter>ColdAPI_Steam\InterfacesEmulation</Filter>
    </ClInclude>
    <ClInclude Include="..\src\ColdAPI_Steam\InterfacesEmulation\SteamFriends007.h">
      <Filter>ColdAPI_Steam\InterfacesEmulation</Filter>
    </ClInclude>
    <ClInclude Include="..\src\ColdAPI_Steam\InterfacesEmulation\SteamFriends008.h">
      <Filter>ColdAPI_Steam\InterfacesEmulation</Filter>
    </ClInclude>
    <ClInclude Include="..\src\ColdAPI_Steam\InterfacesEmulation\SteamFriends009.h">
      <Filter>ColdAPI_Steam\InterfacesEmulation</Filter>
    </ClInclude>
    <ClInclude Include="..\src\ColdAPI_Steam\InterfacesEmulation\SteamFriends010.h">
      <Filter>ColdAPI_Steam\InterfacesEmulation</Filter>
    </ClInclude>
    <ClInclude Include="..\src\ColdAPI_Steam\InterfacesEmulation\SteamFriends011.h">
      <Filter>ColdAPI_Steam\InterfacesEmulation</Filter>
    </ClInclude>
    <ClInclude Include="..\src\ColdAPI_Steam\InterfacesEmulation\SteamFriends012.h">
      <Filter>ColdAPI_Steam\InterfacesEmulation</Filter>
    </ClInclude>
    <ClInclude Include="..\src\ColdAPI_Steam\InterfacesEmulation\SteamFriends013.h">
      <Filter>ColdAPI_Steam\InterfacesEmulation</Filter>
    </ClInclude>
    <ClInclude Include="..\src\ColdAPI_Steam\InterfacesEmulation\SteamFriends014.h">
      <Filter>ColdAPI_Steam\InterfacesEmulation</Filter>
    </ClInclude>
    <ClInclude Include="..\src\ColdAPI_Steam\InterfacesEmulation\SteamFriends015.h">
      <Filter>ColdAPI_Steam\InterfacesEmulation</Filter>
    </ClInclude>
    <ClInclude Include="..\src\ColdAPI_Steam\InterfacesEmulation\SteamFriends016.h">
      <Filter>ColdAPI_Steam\InterfacesEmulation</Filter>
    </ClInclude>
    <ClInclude Include="..\src\ColdAPI_Steam\InterfacesEmulation\SteamFriends017.h">
      <Filter>ColdAPI_Steam\InterfacesEmulation</Filter>
    </ClInclude>
    <ClInclude Include="..\src\ColdAPI_Steam\InterfacesEmulation\SteamGameCoordinator001.h">
      <Filter>ColdAPI_Steam\InterfacesEmulation</Filter>
    </ClInclude>
    <ClInclude Include="..\src\ColdAPI_Steam\InterfacesEmulation\SteamGameSearch001.h">
      <Filter>ColdAPI_Steam\InterfacesEmulation</Filter>
    </ClInclude>
    <ClInclude Include="..\src\ColdAPI_Steam\InterfacesEmulation\SteamGameServer002.h">
      <Filter>ColdAPI_Steam\InterfacesEmulation</Filter>
    </ClInclude>
    <ClInclude Include="..\src\ColdAPI_Steam\InterfacesEmulation\SteamGameServer003.h">
      <Filter>ColdAPI_Steam\InterfacesEmulation</Filter>
    </ClInclude>
    <ClInclude Include="..\src\ColdAPI_Steam\InterfacesEmulation\SteamGameServer004.h">
      <Filter>ColdAPI_Steam\InterfacesEmulation</Filter>
    </ClInclude>
    <ClInclude Include="..\src\ColdAPI_Steam\InterfacesEmulation\SteamGameServer005.h">
      <Filter>ColdAPI_Steam\InterfacesEmulation</Filter>
    </ClInclude>
    <ClInclude Include="..\src\ColdAPI_Steam\InterfacesEmulation\SteamGameServer006.h">
      <Filter>ColdAPI_Steam\InterfacesEmulation</Filter>
    </ClInclude>
    <ClInclude Include="..\src\ColdAPI_Steam\InterfacesEmulation\SteamGameServer007.h">
      <Filter>ColdAPI_Steam\InterfacesEmulation</Filter>
    </ClInclude>
    <ClInclude Include="..\src\ColdAPI_Steam\InterfacesEmulation\SteamGameServer008.h">
      <Filter>ColdAPI_Steam\InterfacesEmulation</Filter>
    </ClInclude>
    <ClInclude Include="..\src\ColdAPI_Steam\InterfacesEmulation\SteamGameServer009.h">
      <Filter>ColdAPI_Steam\InterfacesEmulation</Filter>
    </ClInclude>
    <ClInclude Include="..\src\ColdAPI_Steam\InterfacesEmulation\SteamGameServer010.h">
      <Filter>ColdAPI_Steam\InterfacesEmulation</Filter>
    </ClInclude>
    <ClInclude Include="..\src\ColdAPI_Steam\InterfacesEmulation\SteamGameServer011.h">
      <Filter>ColdAPI_Steam\InterfacesEmulation</Filter>
    </ClInclude>
    <ClInclude Include="..\src\ColdAPI_Steam\InterfacesEmulation\SteamGameServer012.h">
      <Filter>ColdAPI_Steam\InterfacesEmulation</Filter>
    </ClInclude>
    <ClInclude Include="..\src\ColdAPI_Steam\InterfacesEmulation\SteamGameServerStats001.h">
      <Filter>ColdAPI_Steam\InterfacesEmulation</Filter>
    </ClInclude>
    <ClInclude Include="..\src\ColdAPI_Steam\InterfacesEmulation\SteamHTMLSurface002.h">
      <Filter>ColdAPI_Steam\InterfacesEmulation</Filter>
    </ClInclude>
    <ClInclude Include="..\src\ColdAPI_Steam\InterfacesEmulation\SteamHTMLSurface003.h">
      <Filter>ColdAPI_Steam\InterfacesEmulation</Filter>
    </ClInclude>
    <ClInclude Include="..\src\ColdAPI_Steam\InterfacesEmulation\SteamHTMLSurface004.h">
      <Filter>ColdAPI_Steam\InterfacesEmulation</Filter>
    </ClInclude>
    <ClInclude Include="..\src\ColdAPI_Steam\InterfacesEmulation\SteamHTMLSurface005.h">
      <Filter>ColdAPI_Steam\InterfacesEmulation</Filter>
    </ClInclude>
    <ClInclude Include="..\src\ColdAPI_Steam\InterfacesEmulation\SteamHTTP001.h">
      <Filter>ColdAPI_Steam\InterfacesEmulation</Filter>
    </ClInclude>
    <ClInclude Include="..\src\ColdAPI_Steam\InterfacesEmulation\SteamHTTP002.h">
      <Filter>ColdAPI_Steam\InterfacesEmulation</Filter>
    </ClInclude>
    <ClInclude Include="..\src\ColdAPI_Steam\InterfacesEmulation\SteamHTTP003.h">
      <Filter>ColdAPI_Steam\InterfacesEmulation</Filter>
    </ClInclude>
    <ClInclude Include="..\src\ColdAPI_Steam\InterfacesEmulation\SteamInput001.h">
      <Filter>ColdAPI_Steam\InterfacesEmulation</Filter>
    </ClInclude>
    <ClInclude Include="..\src\ColdAPI_Steam\InterfacesEmulation\SteamInventory001.h">
      <Filter>ColdAPI_Steam\InterfacesEmulation</Filter>
    </ClInclude>
    <ClInclude Include="..\src\ColdAPI_Steam\InterfacesEmulation\SteamInventory002.h">
      <Filter>ColdAPI_Steam\InterfacesEmulation</Filter>
    </ClInclude>
    <ClInclude Include="..\src\ColdAPI_Steam\InterfacesEmulation\SteamInventory003.h">
      <Filter>ColdAPI_Steam\InterfacesEmulation</Filter>
    </ClInclude>
    <ClInclude Include="..\src\ColdAPI_Steam\InterfacesEmulation\SteamMatchmaking001.h">
      <Filter>ColdAPI_Steam\InterfacesEmulation</Filter>
    </ClInclude>
    <ClInclude Include="..\src\ColdAPI_Steam\InterfacesEmulation\SteamMatchmaking002.h">
      <Filter>ColdAPI_Steam\InterfacesEmulation</Filter>
    </ClInclude>
    <ClInclude Include="..\src\ColdAPI_Steam\InterfacesEmulation\SteamMatchmaking003.h">
      <Filter>ColdAPI_Steam\InterfacesEmulation</Filter>
    </ClInclude>
    <ClInclude Include="..\src\ColdAPI_Steam\InterfacesEmulation\SteamMatchmaking004.h">
      <Filter>ColdAPI_Steam\InterfacesEmulation</Filter>
    </ClInclude>
    <ClInclude Include="..\src\ColdAPI_Steam\InterfacesEmulation\SteamMatchmaking005.h">
      <Filter>ColdAPI_Steam\InterfacesEmulation</Filter>
    </ClInclude>
    <ClInclude Include="..\src\ColdAPI_Steam\InterfacesEmulation\SteamMatchmaking006.h">
      <Filter>ColdAPI_Steam\InterfacesEmulation</Filter>
    </ClInclude>
    <ClInclude Include="..\src\ColdAPI_Steam\InterfacesEmulation\SteamMatchmaking007.h">
      <Filter>ColdAPI_Steam\InterfacesEmulation</Filter>
    </ClInclude>
    <ClInclude Include="..\src\ColdAPI_Steam\InterfacesEmulation\SteamMatchmaking008.h">
      <Filter>ColdAPI_Steam\InterfacesEmulation</Filter>
    </ClInclude>
    <ClInclude Include="..\src\ColdAPI_Steam\InterfacesEmulation\SteamMatchmaking009.h">
      <Filter>ColdAPI_Steam\InterfacesEmulation</Filter>
    </ClInclude>
    <ClInclude Include="..\src\ColdAPI_Steam\InterfacesEmulation\SteamMatchmakingServers001.h">
      <Filter>ColdAPI_Steam\InterfacesEmulation</Filter>
    </ClInclude>
    <ClInclude Include="..\src\ColdAPI_Steam\InterfacesEmulation\SteamMatchmakingServers002.h">
      <Filter>ColdAPI_Steam\InterfacesEmulation</Filter>
    </ClInclude>
    <ClInclude Include="..\src\ColdAPI_Steam\InterfacesEmulation\SteamMusic001.h">
      <Filter>ColdAPI_Steam\InterfacesEmulation</Filter>
    </ClInclude>
    <ClInclude Include="..\src\ColdAPI_Steam\InterfacesEmulation\SteamMusicRemote001.h">
      <Filter>ColdAPI_Steam\InterfacesEmulation</Filter>
    </ClInclude>
    <ClInclude Include="..\src\ColdAPI_Steam\InterfacesEmulation\SteamNetworking001.h">
      <Filter>ColdAPI_Steam\InterfacesEmulation</Filter>
    </ClInclude>
    <ClInclude Include="..\src\ColdAPI_Steam\InterfacesEmulation\SteamNetworking002.h">
      <Filter>ColdAPI_Steam\InterfacesEmulation</Filter>
    </ClInclude>
    <ClInclude Include="..\src\ColdAPI_Steam\InterfacesEmulation\SteamNetworking003.h">
      <Filter>ColdAPI_Steam\InterfacesEmulation</Filter>
    </ClInclude>
    <ClInclude Include="..\src\ColdAPI_Steam\InterfacesEmulation\SteamNetworking004.h">
      <Filter>ColdAPI_Steam\InterfacesEmulation</Filter>
    </ClInclude>
    <ClInclude Include="..\src\ColdAPI_Steam\InterfacesEmulation\SteamNetworking005.h">
      <Filter>ColdAPI_Steam\InterfacesEmulation</Filter>
    </ClInclude>
    <ClInclude Include="..\src\ColdAPI_Steam\InterfacesEmulation\SteamParentalSettings001.h">
      <Filter>ColdAPI_Steam\InterfacesEmulation</Filter>
    </ClInclude>
    <ClInclude Include="..\src\ColdAPI_Steam\InterfacesEmulation\SteamParties002.h">
      <Filter>ColdAPI_Steam\InterfacesEmulation</Filter>
    </ClInclude>
    <ClInclude Include="..\src\ColdAPI_Steam\InterfacesEmulation\SteamRemotePlay001.h">
      <Filter>ColdAPI_Steam\InterfacesEmulation</Filter>
    </ClInclude>
    <ClInclude Include="..\src\ColdAPI_Steam\InterfacesEmulation\SteamRemoteStorage001.h">
      <Filter>ColdAPI_Steam\InterfacesEmulation</Filter>
    </ClInclude>
    <ClInclude Include="..\src\ColdAPI_Steam\InterfacesEmulation\SteamRemoteStorage002.h">
      <Filter>ColdAPI_Steam\InterfacesEmulation</Filter>
    </ClInclude>
    <ClInclude Include="..\src\ColdAPI_Steam\InterfacesEmulation\SteamRemoteStorage003.h">
      <Filter>ColdAPI_Steam\InterfacesEmulation</Filter>
    </ClInclude>
    <ClInclude Include="..\src\ColdAPI_Steam\InterfacesEmulation\SteamRemoteStorage004.h">
      <Filter>ColdAPI_Steam\InterfacesEmulation</Filter>
    </ClInclude>
    <ClInclude Include="..\src\ColdAPI_Steam\InterfacesEmulation\SteamRemoteStorage005.h">
      <Filter>ColdAPI_Steam\InterfacesEmulation</Filter>
    </ClInclude>
    <ClInclude Include="..\src\ColdAPI_Steam\InterfacesEmulation\SteamRemoteStorage006.h">
      <Filter>ColdAPI_Steam\InterfacesEmulation</Filter>
    </ClInclude>
    <ClInclude Include="..\src\ColdAPI_Steam\InterfacesEmulation\SteamRemoteStorage007.h">
      <Filter>ColdAPI_Steam\InterfacesEmulation</Filter>
    </ClInclude>
    <ClInclude Include="..\src\ColdAPI_Steam\InterfacesEmulation\SteamRemoteStorage008.h">
      <Filter>ColdAPI_Steam\InterfacesEmulation</Filter>
    </ClInclude>
    <ClInclude Include="..\src\ColdAPI_Steam\InterfacesEmulation\SteamRemoteStorage009.h">
      <Filter>ColdAPI_Steam\InterfacesEmulation</Filter>
    </ClInclude>
    <ClInclude Include="..\src\ColdAPI_Steam\InterfacesEmulation\SteamRemoteStorage010.h">
      <Filter>ColdAPI_Steam\InterfacesEmulation</Filter>
    </ClInclude>
    <ClInclude Include="..\src\ColdAPI_Steam\InterfacesEmulation\SteamRemoteStorage011.h">
      <Filter>ColdAPI_Steam\InterfacesEmulation</Filter>
    </ClInclude>
    <ClInclude Include="..\src\ColdAPI_Steam\InterfacesEmulation\SteamRemoteStorage012.h">
      <Filter>ColdAPI_Steam\InterfacesEmulation</Filter>
    </ClInclude>
    <ClInclude Include="..\src\ColdAPI_Steam\InterfacesEmulation\SteamRemoteStorage013.h">
      <Filter>ColdAPI_Steam\InterfacesEmulation</Filter>
    </ClInclude>
    <ClInclude Include="..\src\ColdAPI_Steam\InterfacesEmulation\SteamRemoteStorage014.h">
      <Filter>ColdAPI_Steam\InterfacesEmulation</Filter>
    </ClInclude>
    <ClInclude Include="..\src\ColdAPI_Steam\InterfacesEmulation\SteamScreenshots001.h">
      <Filter>ColdAPI_Steam\InterfacesEmulation</Filter>
    </ClInclude>
    <ClInclude Include="..\src\ColdAPI_Steam\InterfacesEmulation\SteamScreenshots002.h">
      <Filter>ColdAPI_Steam\InterfacesEmulation</Filter>
    </ClInclude>
    <ClInclude Include="..\src\ColdAPI_Steam\InterfacesEmulation\SteamScreenshots003.h">
      <Filter>ColdAPI_Steam\InterfacesEmulation</Filter>
    </ClInclude>
    <ClInclude Include="..\src\ColdAPI_Steam\InterfacesEmulation\SteamUGC001.h">
      <Filter>ColdAPI_Steam\InterfacesEmulation</Filter>
    </ClInclude>
    <ClInclude Include="..\src\ColdAPI_Steam\InterfacesEmulation\SteamUGC002.h">
      <Filter>ColdAPI_Steam\InterfacesEmulation</Filter>
    </ClInclude>
    <ClInclude Include="..\src\ColdAPI_Steam\InterfacesEmulation\SteamUGC003.h">
      <Filter>ColdAPI_Steam\InterfacesEmulation</Filter>
    </ClInclude>
    <ClInclude Include="..\src\ColdAPI_Steam\InterfacesEmulation\SteamUGC004.h">
      <Filter>ColdAPI_Steam\InterfacesEmulation</Filter>
    </ClInclude>
    <ClInclude Include="..\src\ColdAPI_Steam\InterfacesEmulation\SteamUGC005.h">
      <Filter>ColdAPI_Steam\InterfacesEmulation</Filter>
    </ClInclude>
    <ClInclude Include="..\src\ColdAPI_Steam\InterfacesEmulation\SteamUGC007.h">
      <Filter>ColdAPI_Steam\InterfacesEmulation</Filter>
    </ClInclude>
    <ClInclude Include="..\src\ColdAPI_Steam\InterfacesEmulation\SteamUGC008.h">
      <Filter>ColdAPI_Steam\InterfacesEmulation</Filter>
    </ClInclude>
    <ClInclude Include="..\src\ColdAPI_Steam\InterfacesEmulation\SteamUGC009.h">
      <Filter>ColdAPI_Steam\InterfacesEmulation</Filter>
    </ClInclude>
    <ClInclude Include="..\src\ColdAPI_Steam\InterfacesEmulation\SteamUGC010.h">
      <Filter>ColdAPI_Steam\InterfacesEmulation</Filter>
    </ClInclude>
    <ClInclude Include="..\src\ColdAPI_Steam\InterfacesEmulation\SteamUGC012.h">
      <Filter>ColdAPI_Steam\InterfacesEmulation</Filter>
    </ClInclude>
    <ClInclude Include="..\src\ColdAPI_Steam\InterfacesEmulation\SteamUGC013.h">
      <Filter>ColdAPI_Steam\InterfacesEmulation</Filter>
    </ClInclude>
    <ClInclude Include="..\src\ColdAPI_Steam\InterfacesEmulation\SteamUnifiedMessages001.h">
      <Filter>ColdAPI_Steam\InterfacesEmulation</Filter>
    </ClInclude>
    <ClInclude Include="..\src\ColdAPI_Steam\InterfacesEmulation\SteamUser004.h">
      <Filter>ColdAPI_Steam\InterfacesEmulation</Filter>
    </ClInclude>
    <ClInclude Include="..\src\ColdAPI_Steam\InterfacesEmulation\SteamUser005.h">
      <Filter>ColdAPI_Steam\InterfacesEmulation</Filter>
    </ClInclude>
    <ClInclude Include="..\src\ColdAPI_Steam\InterfacesEmulation\SteamUser006.h">
      <Filter>ColdAPI_Steam\InterfacesEmulation</Filter>
    </ClInclude>
    <ClInclude Include="..\src\ColdAPI_Steam\InterfacesEmulation\SteamUser007.h">
      <Filter>ColdAPI_Steam\InterfacesEmulation</Filter>
    </ClInclude>
    <ClInclude Include="..\src\ColdAPI_Steam\InterfacesEmulation\SteamUser008.h">
      <Filter>ColdAPI_Steam\InterfacesEmulation</Filter>
    </ClInclude>
    <ClInclude Include="..\src\ColdAPI_Steam\InterfacesEmulation\SteamUser009.h">
      <Filter>ColdAPI_Steam\InterfacesEmulation</Filter>
    </ClInclude>
    <ClInclude Include="..\src\ColdAPI_Steam\InterfacesEmulation\SteamUser010.h">
      <Filter>ColdAPI_Steam\InterfacesEmulation</Filter>
    </ClInclude>
    <ClInclude Include="..\src\ColdAPI_Steam\InterfacesEmulation\SteamUser011.h">
      <Filter>ColdAPI_Steam\InterfacesEmulation</Filter>
    </ClInclude>
    <ClInclude Include="..\src\ColdAPI_Steam\InterfacesEmulation\SteamUser012.h">
      <Filter>ColdAPI_Steam\InterfacesEmulation</Filter>
    </ClInclude>
    <ClInclude Include="..\src\ColdAPI_Steam\InterfacesEmulation\SteamUser013.h">
      <Filter>ColdAPI_Steam\InterfacesEmulation</Filter>
    </ClInclude>
    <ClInclude Include="..\src\ColdAPI_Steam\InterfacesEmulation\SteamUser014.h">
      <Filter>ColdAPI_Steam\InterfacesEmulation</Filter>
    </ClInclude>
    <ClInclude Include="..\src\ColdAPI_Steam\InterfacesEmulation\SteamUser015.h">
      <Filter>ColdAPI_Steam\InterfacesEmulation</Filter>
    </ClInclude>
    <ClInclude Include="..\src\ColdAPI_Steam\InterfacesEmulation\SteamUser016.h">
      <Filter>ColdAPI_Steam\InterfacesEmulation</Filter>
    </ClInclude>
    <ClInclude Include="..\src\ColdAPI_Steam\InterfacesEmulation\SteamUser017.h">
      <Filter>ColdAPI_Steam\InterfacesEmulation</Filter>
    </ClInclude>
    <ClInclude Include="..\src\ColdAPI_Steam\InterfacesEmulation\SteamUser018.h">
      <Filter>ColdAPI_Steam\InterfacesEmulation</Filter>
    </ClInclude>
    <ClInclude Include="..\src\ColdAPI_Steam\InterfacesEmulation\SteamUser019.h">
      <Filter>ColdAPI_Steam\InterfacesEmulation</Filter>
    </ClInclude>
    <ClInclude Include="..\src\ColdAPI_Steam\InterfacesEmulation\SteamUser020.h">
      <Filter>ColdAPI_Steam\InterfacesEmulation</Filter>
    </ClInclude>
    <ClInclude Include="..\src\ColdAPI_Steam\InterfacesEmulation\SteamUserStats001.h">
      <Filter>ColdAPI_Steam\InterfacesEmulation</Filter>
    </ClInclude>
    <ClInclude Include="..\src\ColdAPI_Steam\InterfacesEmulation\SteamUserStats002.h">
      <Filter>ColdAPI_Steam\InterfacesEmulation</Filter>
    </ClInclude>
    <ClInclude Include="..\src\ColdAPI_Steam\InterfacesEmulation\SteamUserStats003.h">
      <Filter>ColdAPI_Steam\InterfacesEmulation</Filter>
    </ClInclude>
    <ClInclude Include="..\src\ColdAPI_Steam\InterfacesEmulation\SteamUserStats004.h">
      <Filter>ColdAPI_Steam\InterfacesEmulation</Filter>
    </ClInclude>
    <ClInclude Include="..\src\ColdAPI_Steam\InterfacesEmulation\SteamUserStats005.h">
      <Filter>ColdAPI_Steam\InterfacesEmulation</Filter>
    </ClInclude>
    <ClInclude Include="..\src\ColdAPI_Steam\InterfacesEmulation\SteamUserStats006.h">
      <Filter>ColdAPI_Steam\InterfacesEmulation</Filter>
    </ClInclude>
    <ClInclude Include="..\src\ColdAPI_Steam\InterfacesEmulation\SteamUserStats007.h">
      <Filter>ColdAPI_Steam\InterfacesEmulation</Filter>
    </ClInclude>
    <ClInclude Include="..\src\ColdAPI_Steam\InterfacesEmulation\SteamUserStats008.h">
      <Filter>ColdAPI_Steam\InterfacesEmulation</Filter>
    </ClInclude>
    <ClInclude Include="..\src\ColdAPI_Steam\InterfacesEmulation\SteamUserStats009.h">
      <Filter>ColdAPI_Steam\InterfacesEmulation</Filter>
    </ClInclude>
    <ClInclude Include="..\src\ColdAPI_Steam\InterfacesEmulation\SteamUserStats010.h">
      <Filter>ColdAPI_Steam\InterfacesEmulation</Filter>
    </ClInclude>
    <ClInclude Include="..\src\ColdAPI_Steam\InterfacesEmulation\SteamUserStats011.h">
      <Filter>ColdAPI_Steam\InterfacesEmulation</Filter>
    </ClInclude>
    <ClInclude Include="..\src\ColdAPI_Steam\InterfacesEmulation\SteamUtils001.h">
      <Filter>ColdAPI_Steam\InterfacesEmulation</Filter>
    </ClInclude>
    <ClInclude Include="..\src\ColdAPI_Steam\InterfacesEmulation\SteamUtils002.h">
      <Filter>ColdAPI_Steam\InterfacesEmulation</Filter>
    </ClInclude>
    <ClInclude Include="..\src\ColdAPI_Steam\InterfacesEmulation\SteamUtils003.h">
      <Filter>ColdAPI_Steam\InterfacesEmulation</Filter>
    </ClInclude>
    <ClInclude Include="..\src\ColdAPI_Steam\InterfacesEmulation\SteamUtils004.h">
      <Filter>ColdAPI_Steam\InterfacesEmulation</Filter>
    </ClInclude>
    <ClInclude Include="..\src\ColdAPI_Steam\InterfacesEmulation\SteamUtils005.h">
      <Filter>ColdAPI_Steam\InterfacesEmulation</Filter>
    </ClInclude>
    <ClInclude Include="..\src\ColdAPI_Steam\InterfacesEmulation\SteamUtils006.h">
      <Filter>ColdAPI_Steam\InterfacesEmulation</Filter>
    </ClInclude>
    <ClInclude Include="..\src\ColdAPI_Steam\InterfacesEmulation\SteamUtils007.h">
      <Filter>ColdAPI_Steam\InterfacesEmulation</Filter>
    </ClInclude>
    <ClInclude Include="..\src\ColdAPI_Steam\InterfacesEmulation\SteamUtils008.h">
      <Filter>ColdAPI_Steam\InterfacesEmulation</Filter>
    </ClInclude>
    <ClInclude Include="..\src\ColdAPI_Steam\InterfacesEmulation\SteamUtils009.h">
      <Filter>ColdAPI_Steam\InterfacesEmulation</Filter>
    </ClInclude>
    <ClInclude Include="..\src\ColdAPI_Steam\InterfacesEmulation\SteamVideo001.h">
      <Filter>ColdAPI_Steam\InterfacesEmulation</Filter>
    </ClInclude>
    <ClInclude Include="..\src\ColdAPI_Steam\InterfacesEmulation\SteamVideo002.h">
      <Filter>ColdAPI_Steam\InterfacesEmulation</Filter>
    </ClInclude>
    <ClInclude Include="..\src\ColdAPI_Steam\Hook_utils\ColdHook.h">
      <Filter>ColdAPI_Steam\Hook_utils</Filter>
    </ClInclude>
    <ClInclude Include="..\src\ColdAPI_Steam\Hook_utils\DistormDisassembler\include\distorm.h">
      <Filter>ColdAPI_Steam\Hook_utils\DistormDisassembler\include</Filter>
    </ClInclude>
    <ClInclude Include="..\src\ColdAPI_Steam\Hook_utils\DistormDisassembler\include\mnemonics.h">
      <Filter>ColdAPI_Steam\Hook_utils\DistormDisassembler\include</Filter>
    </ClInclude>
    <ClInclude Include="..\src\ColdAPI_Steam\Hook_utils\DistormDisassembler\src\config.h">
      <Filter>ColdAPI_Steam\Hook_utils\DistormDisassembler\src</Filter>
    </ClInclude>
    <ClInclude Include="..\src\ColdAPI_Steam\Hook_utils\DistormDisassembler\src\decoder.h">
      <Filter>ColdAPI_Steam\Hook_utils\DistormDisassembler\src</Filter>
    </ClInclude>
    <ClInclude Include="..\src\ColdAPI_Steam\Hook_utils\DistormDisassembler\src\instructions.h">
      <Filter>ColdAPI_Steam\Hook_utils\DistormDisassembler\src</Filter>
    </ClInclude>
    <ClInclude Include="..\src\ColdAPI_Steam\Hook_utils\DistormDisassembler\src\insts.h">
      <Filter>ColdAPI_Steam\Hook_utils\DistormDisassembler\src</Filter>
    </ClInclude>
    <ClInclude Include="..\src\ColdAPI_Steam\Hook_utils\DistormDisassembler\src\operands.h">
      <Filter>ColdAPI_Steam\Hook_utils\DistormDisassembler\src</Filter>
    </ClInclude>
    <ClInclude Include="..\src\ColdAPI_Steam\Hook_utils\DistormDisassembler\src\prefix.h">
      <Filter>ColdAPI_Steam\Hook_utils\DistormDisassembler\src</Filter>
    </ClInclude>
    <ClInclude Include="..\src\ColdAPI_Steam\Hook_utils\DistormDisassembler\src\textdefs.h">
      <Filter>ColdAPI_Steam\Hook_utils\DistormDisassembler\src</Filter>
    </ClInclude>
    <ClInclude Include="..\src\ColdAPI_Steam\Hook_utils\DistormDisassembler\src\wstring.h">
      <Filter>ColdAPI_Steam\Hook_utils\DistormDisassembler\src</Filter>
    </ClInclude>
    <ClInclude Include="..\src\ColdAPI_Steam\Hook_utils\DistormDisassembler\src\x86defs.h">
      <Filter>ColdAPI_Steam\Hook_utils\DistormDisassembler\src</Filter>
    </ClInclude>
  </ItemGroup>
  <ItemGroup>
    <ClCompile Include="..\src\ColdAPI_Steam\ColdManager.cpp">
      <Filter>ColdAPI_Steam</Filter>
    </ClCompile>
    <ClCompile Include="..\src\ColdAPI_Steam\CSteamCallbacks.cpp">
      <Filter>ColdAPI_Steam</Filter>
    </ClCompile>
    <ClCompile Include="..\src\ColdAPI_Steam\dllmain.cpp">
      <Filter>ColdAPI_Steam</Filter>
    </ClCompile>
    <ClCompile Include="..\src\ColdAPI_Steam\Steam_data.cpp">
      <Filter>ColdAPI_Steam</Filter>
    </ClCompile>
    <ClCompile Include="..\src\ColdAPI_Steam\SteamStubBypass\SteamStub.cpp">
      <Filter>ColdAPI_Steam\SteamStubBypass</Filter>
    </ClCompile>
    <ClCompile Include="..\src\ColdAPI_Steam\Hook_utils\ColdHook.cpp">
      <Filter>ColdAPI_Steam\Hook_utils</Filter>
    </ClCompile>
    <ClCompile Include="..\src\ColdAPI_Steam\Hook_utils\DistormDisassembler\src\decoder.c">
      <Filter>ColdAPI_Steam\Hook_utils\DistormDisassembler\src</Filter>
    </ClCompile>
    <ClCompile Include="..\src\ColdAPI_Steam\Hook_utils\DistormDisassembler\src\distorm.c">
      <Filter>ColdAPI_Steam\Hook_utils\DistormDisassembler\src</Filter>
    </ClCompile>
    <ClCompile Include="..\src\ColdAPI_Steam\Hook_utils\DistormDisassembler\src\instructions.c">
      <Filter>ColdAPI_Steam\Hook_utils\DistormDisassembler\src</Filter>
    </ClCompile>
    <ClCompile Include="..\src\ColdAPI_Steam\Hook_utils\DistormDisassembler\src\insts.c">
      <Filter>ColdAPI_Steam\Hook_utils\DistormDisassembler\src</Filter>
    </ClCompile>
    <ClCompile Include="..\src\ColdAPI_Steam\Hook_utils\DistormDisassembler\src\mnemonics.c">
      <Filter>ColdAPI_Steam\Hook_utils\DistormDisassembler\src</Filter>
    </ClCompile>
    <ClCompile Include="..\src\ColdAPI_Steam\Hook_utils\DistormDisassembler\src\operands.c">
      <Filter>ColdAPI_Steam\Hook_utils\DistormDisassembler\src</Filter>
    </ClCompile>
    <ClCompile Include="..\src\ColdAPI_Steam\Hook_utils\DistormDisassembler\src\prefix.c">
      <Filter>ColdAPI_Steam\Hook_utils\DistormDisassembler\src</Filter>
    </ClCompile>
    <ClCompile Include="..\src\ColdAPI_Steam\Hook_utils\DistormDisassembler\src\textdefs.c">
      <Filter>ColdAPI_Steam\Hook_utils\DistormDisassembler\src</Filter>
    </ClCompile>
    <ClCompile Include="..\src\ColdAPI_Steam\Hook_utils\DistormDisassembler\src\wstring.c">
      <Filter>ColdAPI_Steam\Hook_utils\DistormDisassembler\src</Filter>
    </ClCompile>
  </ItemGroup>
  <ItemGroup>
    <None Include="..\src\ColdAPI_Steam\public SDK\Open Steamworks.vcproj">
      <Filter>ColdAPI_Steam\public SDK</Filter>
    </None>
    <None Include="..\src\ColdAPI_Steam\INI example\ColdAPI.ini">
      <Filter>ColdAPI_Steam\INI example</Filter>
    </None>
  </ItemGroup>
  <ItemGroup>
    <MASM Include="..\src\ColdAPI_Steam\SteamStubBypass\SteamStubAsmS.asm">
      <Filter>ColdAPI_Steam\SteamStubBypass</Filter>
    </MASM>
  </ItemGroup>
</Project>