<?xml version="1.0" encoding="utf-8"?>
<Project ToolsVersion="4.0" xmlns="http://schemas.microsoft.com/developer/msbuild/2003">
  <ItemGroup>
    <Filter Include="ColdAPI_Steam">
      <UniqueIdentifier>{4FC737F1-C7A5-4376-A066-2A32D752A2FF}</UniqueIdentifier>
      <Extensions>cpp;c;cc;cxx;def;odl;idl;hpj;bat;asm;asmx</Extensions>
    </Filter>
    <Filter Include="ColdAPI_Steam\public SDK">
      <UniqueIdentifier>{3d0a02bf-cfe5-4945-9a1b-e14562c24af0}</UniqueIdentifier>
    </Filter>
    <Filter Include="ColdAPI_Steam\SteamStubBypass">
      <UniqueIdentifier>{98a75ae9-236a-4fd1-9d12-822d1b4cb958}</UniqueIdentifier>
    </Filter>
    <Filter Include="ColdAPI_Steam\InterfacesEmulation">
      <UniqueIdentifier>{0eca9620-d54f-4be5-84bd-1b45d72fef18}</UniqueIdentifier>
    </Filter>
    <Filter Include="ColdAPI_Steam\Hook_utils">
      <UniqueIdentifier>{7427f25d-76b4-44cf-ac8c-be892c9cae83}</UniqueIdentifier>
    </Filter>
    <Filter Include="ColdAPI_Steam\Hook_utils\DistormDisassembler">
      <UniqueIdentifier>{2b00746d-6514-4e40-be48-28334c8f1597}</UniqueIdentifier>
    </Filter>
    <Filter Include="ColdAPI_Steam\Hook_utils\DistormDisassembler\src">
      <UniqueIdentifier>{fb098d9b-8afd-4e5b-b667-56d318de03a9}</UniqueIdentifier>
    </Filter>
    <Filter Include="ColdAPI_Steam\Hook_utils\DistormDisassembler\include">
      <UniqueIdentifier>{afdb60a4-6541-417f-ba5e-d3e262e3e60b}</UniqueIdentifier>
    </Filter>
    <Filter Include="ColdAPI_Steam\INI example">
      <UniqueIdentifier>{4cd26c9f-1022-452b-80d5-e9e45692772f}</UniqueIdentifier>
    </Filter>
  </ItemGroup>
  <ItemGroup>
    <ClInclude Include="ColdManager.h">
      <Filter>ColdAPI_Steam</Filter>
    </ClInclude>
    <ClInclude Include="CSteamCallbacks.h">
      <Filter>ColdAPI_Steam</Filter>
    </ClInclude>
    <ClInclude Include="Bridge.h">
      <Filter>ColdAPI_Steam</Filter>
    </ClInclude>
    <ClInclude Include="public SDK\AppListCommon.h">
      <Filter>ColdAPI_Steam\public SDK</Filter>
    </ClInclude>
    <ClInclude Include="public SDK\AppsCommon.h">
      <Filter>ColdAPI_Steam\public SDK</Filter>
    </ClInclude>
    <ClInclude Include="public SDK\AppTicketCommon.h">
      <Filter>ColdAPI_Steam\public SDK</Filter>
    </ClInclude>
    <ClInclude Include="public SDK\BillingCommon.h">
      <Filter>ColdAPI_Steam\public SDK</Filter>
    </ClInclude>
    <ClInclude Include="public SDK\BridgeCommon.h">
      <Filter>ColdAPI_Steam\public SDK</Filter>
    </ClInclude>
    <ClInclude Include="public SDK\CCallback.h">
      <Filter>ColdAPI_Steam\public SDK</Filter>
    </ClInclude>
    <ClInclude Include="public SDK\CGameID.h">
      <Filter>ColdAPI_Steam\public SDK</Filter>
    </ClInclude>
    <ClInclude Include="public SDK\ClientCommon.h">
      <Filter>ColdAPI_Steam\public SDK</Filter>
    </ClInclude>
    <ClInclude Include="public SDK\ContentServerCommon.h">
      <Filter>ColdAPI_Steam\public SDK</Filter>
    </ClInclude>
    <ClInclude Include="public SDK\ControllerCommon.h">
      <Filter>ColdAPI_Steam\public SDK</Filter>
    </ClInclude>
    <ClInclude Include="public SDK\CSteamAPIContext.h">
      <Filter>ColdAPI_Steam\public SDK</Filter>
    </ClInclude>
    <ClInclude Include="public SDK\CSteamID.h">
      <Filter>ColdAPI_Steam\public SDK</Filter>
    </ClInclude>
    <ClInclude Include="public SDK\EBeginAuthSessionResult.h">
      <Filter>ColdAPI_Steam\public SDK</Filter>
    </ClInclude>
    <ClInclude Include="public SDK\ECurrencyCode.h">
      <Filter>ColdAPI_Steam\public SDK</Filter>
    </ClInclude>
    <ClInclude Include="public SDK\EnumString.h">
      <Filter>ColdAPI_Steam\public SDK</Filter>
    </ClInclude>
    <ClInclude Include="public SDK\EResult.h">
      <Filter>ColdAPI_Steam\public SDK</Filter>
    </ClInclude>
    <ClInclude Include="public SDK\ESteamAppUpdateStatsQueryType.h">
      <Filter>ColdAPI_Steam\public SDK</Filter>
    </ClInclude>
    <ClInclude Include="public SDK\ESteamBufferMethod.h">
      <Filter>ColdAPI_Steam\public SDK</Filter>
    </ClInclude>
    <ClInclude Include="public SDK\ESteamError.h">
      <Filter>ColdAPI_Steam\public SDK</Filter>
    </ClInclude>
    <ClInclude Include="public SDK\ESteamFindFilter.h">
      <Filter>ColdAPI_Steam\public SDK</Filter>
    </ClInclude>
    <ClInclude Include="public SDK\ESteamNotify.h">
      <Filter>ColdAPI_Steam\public SDK</Filter>
    </ClInclude>
    <ClInclude Include="public SDK\ESteamPaymentCardType.h">
      <Filter>ColdAPI_Steam\public SDK</Filter>
    </ClInclude>
    <ClInclude Include="public SDK\ESteamSeekMethod.h">
      <Filter>ColdAPI_Steam\public SDK</Filter>
    </ClInclude>
    <ClInclude Include="public SDK\ESteamServerType.h">
      <Filter>ColdAPI_Steam\public SDK</Filter>
    </ClInclude>
    <ClInclude Include="public SDK\ESteamSubscriptionBillingInfoType.h">
      <Filter>ColdAPI_Steam\public SDK</Filter>
    </ClInclude>
    <ClInclude Include="public SDK\ESteamSubscriptionStatus.h">
      <Filter>ColdAPI_Steam\public SDK</Filter>
    </ClInclude>
    <ClInclude Include="public SDK\EUserHasLicenseForAppResult.h">
      <Filter>ColdAPI_Steam\public SDK</Filter>
    </ClInclude>
    <ClInclude Include="public SDK\EVoiceResult.h">
      <Filter>ColdAPI_Steam\public SDK</Filter>
    </ClInclude>
    <ClInclude Include="public SDK\FriendGameInfo.h">
      <Filter>ColdAPI_Steam\public SDK</Filter>
    </ClInclude>
    <ClInclude Include="public SDK\FriendsCommon.h">
      <Filter>ColdAPI_Steam\public SDK</Filter>
    </ClInclude>
    <ClInclude Include="public SDK\GameCoordinatorCommon.h">
      <Filter>ColdAPI_Steam\public SDK</Filter>
    </ClInclude>
    <ClInclude Include="public SDK\GameServerCommon.h">
      <Filter>ColdAPI_Steam\public SDK</Filter>
    </ClInclude>
    <ClInclude Include="public SDK\gameserveritem.h">
      <Filter>ColdAPI_Steam\public SDK</Filter>
    </ClInclude>
    <ClInclude Include="public SDK\GameServerStatsCommon.h">
      <Filter>ColdAPI_Steam\public SDK</Filter>
    </ClInclude>
    <ClInclude Include="public SDK\GameStatsCommon.h">
      <Filter>ColdAPI_Steam\public SDK</Filter>
    </ClInclude>
    <ClInclude Include="public SDK\HTMLSurfaceCommon.h">
      <Filter>ColdAPI_Steam\public SDK</Filter>
    </ClInclude>
    <ClInclude Include="public SDK\HTTPCommon.h">
      <Filter>ColdAPI_Steam\public SDK</Filter>
    </ClInclude>
    <ClInclude Include="public SDK\IClientAppManager.h">
      <Filter>ColdAPI_Steam\public SDK</Filter>
    </ClInclude>
    <ClInclude Include="public SDK\IClientApps.h">
      <Filter>ColdAPI_Steam\public SDK</Filter>
    </ClInclude>
    <ClInclude Include="public SDK\IClientAudio.h">
      <Filter>ColdAPI_Steam\public SDK</Filter>
    </ClInclude>
    <ClInclude Include="public SDK\IClientBilling.h">
      <Filter>ColdAPI_Steam\public SDK</Filter>
    </ClInclude>
    <ClInclude Include="public SDK\IClientConfigStore.h">
      <Filter>ColdAPI_Steam\public SDK</Filter>
    </ClInclude>
    <ClInclude Include="public SDK\IClientContentServer.h">
      <Filter>ColdAPI_Steam\public SDK</Filter>
    </ClInclude>
    <ClInclude Include="public SDK\IClientDepotBuilder.h">
      <Filter>ColdAPI_Steam\public SDK</Filter>
    </ClInclude>
    <ClInclude Include="public SDK\IClientDeviceAuth.h">
      <Filter>ColdAPI_Steam\public SDK</Filter>
    </ClInclude>
    <ClInclude Include="public SDK\IClientEngine.h">
      <Filter>ColdAPI_Steam\public SDK</Filter>
    </ClInclude>
    <ClInclude Include="public SDK\IClientFriends.h">
      <Filter>ColdAPI_Steam\public SDK</Filter>
    </ClInclude>
    <ClInclude Include="public SDK\IClientGameCoordinator.h">
      <Filter>ColdAPI_Steam\public SDK</Filter>
    </ClInclude>
    <ClInclude Include="public SDK\IClientGameServer.h">
      <Filter>ColdAPI_Steam\public SDK</Filter>
    </ClInclude>
    <ClInclude Include="public SDK\IClientGameServerStats.h">
      <Filter>ColdAPI_Steam\public SDK</Filter>
    </ClInclude>
    <ClInclude Include="public SDK\IClientGameStats.h">
      <Filter>ColdAPI_Steam\public SDK</Filter>
    </ClInclude>
    <ClInclude Include="public SDK\IClientHTTP.h">
      <Filter>ColdAPI_Steam\public SDK</Filter>
    </ClInclude>
    <ClInclude Include="public SDK\IClientInventory.h">
      <Filter>ColdAPI_Steam\public SDK</Filter>
    </ClInclude>
    <ClInclude Include="public SDK\IClientMasterServerUpdater.h">
      <Filter>ColdAPI_Steam\public SDK</Filter>
    </ClInclude>
    <ClInclude Include="public SDK\IClientMatchmaking.h">
      <Filter>ColdAPI_Steam\public SDK</Filter>
    </ClInclude>
    <ClInclude Include="public SDK\IClientMatchmakingServers.h">
      <Filter>ColdAPI_Steam\public SDK</Filter>
    </ClInclude>
    <ClInclude Include="public SDK\IClientMusic.h">
      <Filter>ColdAPI_Steam\public SDK</Filter>
    </ClInclude>
    <ClInclude Include="public SDK\IClientNetworkDeviceManager.h">
      <Filter>ColdAPI_Steam\public SDK</Filter>
    </ClInclude>
    <ClInclude Include="public SDK\IClientNetworking.h">
      <Filter>ColdAPI_Steam\public SDK</Filter>
    </ClInclude>
    <ClInclude Include="public SDK\IClientProductBuilder.h">
      <Filter>ColdAPI_Steam\public SDK</Filter>
    </ClInclude>
    <ClInclude Include="public SDK\IClientRemoteStorage.h">
      <Filter>ColdAPI_Steam\public SDK</Filter>
    </ClInclude>
    <ClInclude Include="public SDK\IClientScreenshots.h">
      <Filter>ColdAPI_Steam\public SDK</Filter>
    </ClInclude>
    <ClInclude Include="public SDK\IClientShortcuts.h">
      <Filter>ColdAPI_Steam\public SDK</Filter>
    </ClInclude>
    <ClInclude Include="public SDK\IClientStreamClient.h">
      <Filter>ColdAPI_Steam\public SDK</Filter>
    </ClInclude>
    <ClInclude Include="public SDK\IClientStreamLauncher.h">
      <Filter>ColdAPI_Steam\public SDK</Filter>
    </ClInclude>
    <ClInclude Include="public SDK\IClientUGC.h">
      <Filter>ColdAPI_Steam\public SDK</Filter>
    </ClInclude>
    <ClInclude Include="public SDK\IClientUnifiedMessages.h">
      <Filter>ColdAPI_Steam\public SDK</Filter>
    </ClInclude>
    <ClInclude Include="public SDK\IClientUser.h">
      <Filter>ColdAPI_Steam\public SDK</Filter>
    </ClInclude>
    <ClInclude Include="public SDK\IClientUserStats.h">
      <Filter>ColdAPI_Steam\public SDK</Filter>
    </ClInclude>
    <ClInclude Include="public SDK\IClientUtils.h">
      <Filter>ColdAPI_Steam\public SDK</Filter>
    </ClInclude>
    <ClInclude Include="public SDK\Interface_OSW.h">
      <Filter>ColdAPI_Steam\public SDK</Filter>
    </ClInclude>
    <ClInclude Include="public SDK\InventoryCommon.h">
      <Filter>ColdAPI_Steam\public SDK</Filter>
    </ClInclude>
    <ClInclude Include="public SDK\ISteam2Bridge001.h">
      <Filter>ColdAPI_Steam\public SDK</Filter>
    </ClInclude>
    <ClInclude Include="public SDK\ISteam2Bridge002.h">
      <Filter>ColdAPI_Steam\public SDK</Filter>
    </ClInclude>
    <ClInclude Include="public SDK\ISteam003.h">
      <Filter>ColdAPI_Steam\public SDK</Filter>
    </ClInclude>
    <ClInclude Include="public SDK\ISteam004.h">
      <Filter>ColdAPI_Steam\public SDK</Filter>
    </ClInclude>
    <ClInclude Include="public SDK\ISteam005.h">
      <Filter>ColdAPI_Steam\public SDK</Filter>
    </ClInclude>
    <ClInclude Include="public SDK\ISteam006.h">
      <Filter>ColdAPI_Steam\public SDK</Filter>
    </ClInclude>
    <ClInclude Include="public SDK\ISteamAppList001.h">
      <Filter>ColdAPI_Steam\public SDK</Filter>
    </ClInclude>
    <ClInclude Include="public SDK\ISteamApps001.h">
      <Filter>ColdAPI_Steam\public SDK</Filter>
    </ClInclude>
    <ClInclude Include="public SDK\ISteamApps002.h">
      <Filter>ColdAPI_Steam\public SDK</Filter>
    </ClInclude>
    <ClInclude Include="public SDK\ISteamApps003.h">
      <Filter>ColdAPI_Steam\public SDK</Filter>
    </ClInclude>
    <ClInclude Include="public SDK\ISteamApps004.h">
      <Filter>ColdAPI_Steam\public SDK</Filter>
    </ClInclude>
    <ClInclude Include="public SDK\ISteamApps005.h">
      <Filter>ColdAPI_Steam\public SDK</Filter>
    </ClInclude>
    <ClInclude Include="public SDK\ISteamApps006.h">
      <Filter>ColdAPI_Steam\public SDK</Filter>
    </ClInclude>
    <ClInclude Include="public SDK\ISteamApps007.h">
      <Filter>ColdAPI_Steam\public SDK</Filter>
    </ClInclude>
    <ClInclude Include="public SDK\ISteamApps008.h">
      <Filter>ColdAPI_Steam\public SDK</Filter>
    </ClInclude>
    <ClInclude Include="public SDK\ISteamAppTicket001.h">
      <Filter>ColdAPI_Steam\public SDK</Filter>
    </ClInclude>
    <ClInclude Include="public SDK\ISteamBilling001.h">
      <Filter>ColdAPI_Steam\public SDK</Filter>
    </ClInclude>
    <ClInclude Include="public SDK\ISteamBilling002.h">
      <Filter>ColdAPI_Steam\public SDK</Filter>
    </ClInclude>
    <ClInclude Include="public SDK\ISteamClient006.h">
      <Filter>ColdAPI_Steam\public SDK</Filter>
    </ClInclude>
    <ClInclude Include="public SDK\ISteamClient007.h">
      <Filter>ColdAPI_Steam\public SDK</Filter>
    </ClInclude>
    <ClInclude Include="public SDK\ISteamClient008.h">
      <Filter>ColdAPI_Steam\public SDK</Filter>
    </ClInclude>
    <ClInclude Include="public SDK\ISteamClient009.h">
      <Filter>ColdAPI_Steam\public SDK</Filter>
    </ClInclude>
    <ClInclude Include="public SDK\ISteamClient010.h">
      <Filter>ColdAPI_Steam\public SDK</Filter>
    </ClInclude>
    <ClInclude Include="public SDK\ISteamClient011.h">
      <Filter>ColdAPI_Steam\public SDK</Filter>
    </ClInclude>
    <ClInclude Include="public SDK\ISteamClient012.h">
      <Filter>ColdAPI_Steam\public SDK</Filter>
    </ClInclude>
    <ClInclude Include="public SDK\ISteamClient013.h">
      <Filter>ColdAPI_Steam\public SDK</Filter>
    </ClInclude>
    <ClInclude Include="public SDK\ISteamClient014.h">
      <Filter>ColdAPI_Steam\public SDK</Filter>
    </ClInclude>
    <ClInclude Include="public SDK\ISteamClient015.h">
      <Filter>ColdAPI_Steam\public SDK</Filter>
    </ClInclude>
    <ClInclude Include="public SDK\ISteamClient016.h">
      <Filter>ColdAPI_Steam\public SDK</Filter>
    </ClInclude>
    <ClInclude Include="public SDK\ISteamClient017.h">
      <Filter>ColdAPI_Steam\public SDK</Filter>
    </ClInclude>
    <ClInclude Include="public SDK\ISteamClient018.h">
      <Filter>ColdAPI_Steam\public SDK</Filter>
    </ClInclude>
    <ClInclude Include="public SDK\ISteamClient019.h">
      <Filter>ColdAPI_Steam\public SDK</Filter>
    </ClInclude>
    <ClInclude Include="public SDK\ISteamContentServer001.h">
      <Filter>ColdAPI_Steam\public SDK</Filter>
    </ClInclude>
    <ClInclude Include="public SDK\ISteamContentServer002.h">
      <Filter>ColdAPI_Steam\public SDK</Filter>
    </ClInclude>
    <ClInclude Include="public SDK\ISteamController001.h">
      <Filter>ColdAPI_Steam\public SDK</Filter>
    </ClInclude>
    <ClInclude Include="public SDK\ISteamController002.h">
      <Filter>ColdAPI_Steam\public SDK</Filter>
    </ClInclude>
    <ClInclude Include="public SDK\ISteamController003.h">
      <Filter>ColdAPI_Steam\public SDK</Filter>
    </ClInclude>
    <ClInclude Include="public SDK\ISteamController004.h">
      <Filter>ColdAPI_Steam\public SDK</Filter>
    </ClInclude>
    <ClInclude Include="public SDK\ISteamController005.h">
      <Filter>ColdAPI_Steam\public SDK</Filter>
    </ClInclude>
    <ClInclude Include="public SDK\ISteamController006.h">
      <Filter>ColdAPI_Steam\public SDK</Filter>
    </ClInclude>
    <ClInclude Include="public SDK\ISteamController007.h">
      <Filter>ColdAPI_Steam\public SDK</Filter>
    </ClInclude>
    <ClInclude Include="public SDK\ISteamFriends001.h">
      <Filter>ColdAPI_Steam\public SDK</Filter>
    </ClInclude>
    <ClInclude Include="public SDK\ISteamFriends002.h">
      <Filter>ColdAPI_Steam\public SDK</Filter>
    </ClInclude>
    <ClInclude Include="public SDK\ISteamFriends003.h">
      <Filter>ColdAPI_Steam\public SDK</Filter>
    </ClInclude>
    <ClInclude Include="public SDK\ISteamFriends004.h">
      <Filter>ColdAPI_Steam\public SDK</Filter>
    </ClInclude>
    <ClInclude Include="public SDK\ISteamFriends005.h">
      <Filter>ColdAPI_Steam\public SDK</Filter>
    </ClInclude>
    <ClInclude Include="public SDK\ISteamFriends006.h">
      <Filter>ColdAPI_Steam\public SDK</Filter>
    </ClInclude>
    <ClInclude Include="public SDK\ISteamFriends007.h">
      <Filter>ColdAPI_Steam\public SDK</Filter>
    </ClInclude>
    <ClInclude Include="public SDK\ISteamFriends008.h">
      <Filter>ColdAPI_Steam\public SDK</Filter>
    </ClInclude>
    <ClInclude Include="public SDK\ISteamFriends009.h">
      <Filter>ColdAPI_Steam\public SDK</Filter>
    </ClInclude>
    <ClInclude Include="public SDK\ISteamFriends010.h">
      <Filter>ColdAPI_Steam\public SDK</Filter>
    </ClInclude>
    <ClInclude Include="public SDK\ISteamFriends011.h">
      <Filter>ColdAPI_Steam\public SDK</Filter>
    </ClInclude>
    <ClInclude Include="public SDK\ISteamFriends012.h">
      <Filter>ColdAPI_Steam\public SDK</Filter>
    </ClInclude>
    <ClInclude Include="public SDK\ISteamFriends013.h">
      <Filter>ColdAPI_Steam\public SDK</Filter>
    </ClInclude>
    <ClInclude Include="public SDK\ISteamFriends014.h">
      <Filter>ColdAPI_Steam\public SDK</Filter>
    </ClInclude>
    <ClInclude Include="public SDK\ISteamFriends015.h">
      <Filter>ColdAPI_Steam\public SDK</Filter>
    </ClInclude>
    <ClInclude Include="public SDK\ISteamFriends016.h">
      <Filter>ColdAPI_Steam\public SDK</Filter>
    </ClInclude>
    <ClInclude Include="public SDK\ISteamFriends017.h">
      <Filter>ColdAPI_Steam\public SDK</Filter>
    </ClInclude>
    <ClInclude Include="public SDK\ISteamGameCoordinator001.h">
      <Filter>ColdAPI_Steam\public SDK</Filter>
    </ClInclude>
    <ClInclude Include="public SDK\ISteamGameSearch001.h">
      <Filter>ColdAPI_Steam\public SDK</Filter>
    </ClInclude>
    <ClInclude Include="public SDK\ISteamGameServer002.h">
      <Filter>ColdAPI_Steam\public SDK</Filter>
    </ClInclude>
    <ClInclude Include="public SDK\ISteamGameServer003.h">
      <Filter>ColdAPI_Steam\public SDK</Filter>
    </ClInclude>
    <ClInclude Include="public SDK\ISteamGameServer004.h">
      <Filter>ColdAPI_Steam\public SDK</Filter>
    </ClInclude>
    <ClInclude Include="public SDK\ISteamGameServer005.h">
      <Filter>ColdAPI_Steam\public SDK</Filter>
    </ClInclude>
    <ClInclude Include="public SDK\ISteamGameServer006.h">
      <Filter>ColdAPI_Steam\public SDK</Filter>
    </ClInclude>
    <ClInclude Include="public SDK\ISteamGameServer007.h">
      <Filter>ColdAPI_Steam\public SDK</Filter>
    </ClInclude>
    <ClInclude Include="public SDK\ISteamGameServer008.h">
      <Filter>ColdAPI_Steam\public SDK</Filter>
    </ClInclude>
    <ClInclude Include="public SDK\ISteamGameServer009.h">
      <Filter>ColdAPI_Steam\public SDK</Filter>
    </ClInclude>
    <ClInclude Include="public SDK\ISteamGameServer010.h">
      <Filter>ColdAPI_Steam\public SDK</Filter>
    </ClInclude>
    <ClInclude Include="public SDK\ISteamGameServer011.h">
      <Filter>ColdAPI_Steam\public SDK</Filter>
    </ClInclude>
    <ClInclude Include="public SDK\ISteamGameServer012.h">
      <Filter>ColdAPI_Steam\public SDK</Filter>
    </ClInclude>
    <ClInclude Include="public SDK\ISteamGameServerStats001.h">
      <Filter>ColdAPI_Steam\public SDK</Filter>
    </ClInclude>
    <ClInclude Include="public SDK\ISteamGameStats001.h">
      <Filter>ColdAPI_Steam\public SDK</Filter>
    </ClInclude>
    <ClInclude Include="public SDK\ISteamHTMLSurface002.h">
      <Filter>ColdAPI_Steam\public SDK</Filter>
    </ClInclude>
    <ClInclude Include="public SDK\ISteamHTMLSurface003.h">
      <Filter>ColdAPI_Steam\public SDK</Filter>
    </ClInclude>
    <ClInclude Include="public SDK\ISteamHTMLSurface004.h">
      <Filter>ColdAPI_Steam\public SDK</Filter>
    </ClInclude>
    <ClInclude Include="public SDK\ISteamHTMLSurface005.h">
      <Filter>ColdAPI_Steam\public SDK</Filter>
    </ClInclude>
    <ClInclude Include="public SDK\ISteamHTTP001.h">
      <Filter>ColdAPI_Steam\public SDK</Filter>
    </ClInclude>
    <ClInclude Include="public SDK\ISteamHTTP002.h">
      <Filter>ColdAPI_Steam\public SDK</Filter>
    </ClInclude>
    <ClInclude Include="public SDK\ISteamHTTP003.h">
      <Filter>ColdAPI_Steam\public SDK</Filter>
    </ClInclude>
    <ClInclude Include="public SDK\ISteamImput001.h">
      <Filter>ColdAPI_Steam\public SDK</Filter>
    </ClInclude>
    <ClInclude Include="public SDK\ISteamInventory001.h">
      <Filter>ColdAPI_Steam\public SDK</Filter>
    </ClInclude>
    <ClInclude Include="public SDK\ISteamInventory002.h">
      <Filter>ColdAPI_Steam\public SDK</Filter>
    </ClInclude>
    <ClInclude Include="public SDK\ISteamInventory003.h">
      <Filter>ColdAPI_Steam\public SDK</Filter>
    </ClInclude>
    <ClInclude Include="public SDK\ISteamMasterServerUpdater001.h">
      <Filter>ColdAPI_Steam\public SDK</Filter>
    </ClInclude>
    <ClInclude Include="public SDK\ISteamMatchmaking001.h">
      <Filter>ColdAPI_Steam\public SDK</Filter>
    </ClInclude>
    <ClInclude Include="public SDK\ISteamMatchmaking002.h">
      <Filter>ColdAPI_Steam\public SDK</Filter>
    </ClInclude>
    <ClInclude Include="public SDK\ISteamMatchmaking003.h">
      <Filter>ColdAPI_Steam\public SDK</Filter>
    </ClInclude>
    <ClInclude Include="public SDK\ISteamMatchmaking004.h">
      <Filter>ColdAPI_Steam\public SDK</Filter>
    </ClInclude>
    <ClInclude Include="public SDK\ISteamMatchmaking005.h">
      <Filter>ColdAPI_Steam\public SDK</Filter>
    </ClInclude>
    <ClInclude Include="public SDK\ISteamMatchmaking006.h">
      <Filter>ColdAPI_Steam\public SDK</Filter>
    </ClInclude>
    <ClInclude Include="public SDK\ISteamMatchmaking007.h">
      <Filter>ColdAPI_Steam\public SDK</Filter>
    </ClInclude>
    <ClInclude Include="public SDK\ISteamMatchmaking008.h">
      <Filter>ColdAPI_Steam\public SDK</Filter>
    </ClInclude>
    <ClInclude Include="public SDK\ISteamMatchmaking009.h">
      <Filter>ColdAPI_Steam\public SDK</Filter>
    </ClInclude>
    <ClInclude Include="public SDK\ISteamMatchmakingServers001.h">
      <Filter>ColdAPI_Steam\public SDK</Filter>
    </ClInclude>
    <ClInclude Include="public SDK\ISteamMatchmakingServers002.h">
      <Filter>ColdAPI_Steam\public SDK</Filter>
    </ClInclude>
    <ClInclude Include="public SDK\ISteamMusic001.h">
      <Filter>ColdAPI_Steam\public SDK</Filter>
    </ClInclude>
    <ClInclude Include="public SDK\ISteamMusicRemote001.h">
      <Filter>ColdAPI_Steam\public SDK</Filter>
    </ClInclude>
    <ClInclude Include="public SDK\ISteamNetworking001.h">
      <Filter>ColdAPI_Steam\public SDK</Filter>
    </ClInclude>
    <ClInclude Include="public SDK\ISteamNetworking002.h">
      <Filter>ColdAPI_Steam\public SDK</Filter>
    </ClInclude>
    <ClInclude Include="public SDK\ISteamNetworking003.h">
      <Filter>ColdAPI_Steam\public SDK</Filter>
    </ClInclude>
    <ClInclude Include="public SDK\ISteamNetworking004.h">
      <Filter>ColdAPI_Steam\public SDK</Filter>
    </ClInclude>
    <ClInclude Include="public SDK\ISteamNetworking005.h">
      <Filter>ColdAPI_Steam\public SDK</Filter>
    </ClInclude>
    <ClInclude Include="public SDK\ISteamOAuth001.h">
      <Filter>ColdAPI_Steam\public SDK</Filter>
    </ClInclude>
    <ClInclude Include="public SDK\isteamparentalsettings.h">
      <Filter>ColdAPI_Steam\public SDK</Filter>
    </ClInclude>
    <ClInclude Include="public SDK\ISteamParties002.h">
      <Filter>ColdAPI_Steam\public SDK</Filter>
    </ClInclude>
    <ClInclude Include="public SDK\ISteamRemotePlay001.h">
      <Filter>ColdAPI_Steam\public SDK</Filter>
    </ClInclude>
    <ClInclude Include="public SDK\ISteamRemoteStorage001.h">
      <Filter>ColdAPI_Steam\public SDK</Filter>
    </ClInclude>
    <ClInclude Include="public SDK\ISteamRemoteStorage002.h">
      <Filter>ColdAPI_Steam\public SDK</Filter>
    </ClInclude>
    <ClInclude Include="public SDK\ISteamRemoteStorage003.h">
      <Filter>ColdAPI_Steam\public SDK</Filter>
    </ClInclude>
    <ClInclude Include="public SDK\ISteamRemoteStorage004.h">
      <Filter>ColdAPI_Steam\public SDK</Filter>
    </ClInclude>
    <ClInclude Include="public SDK\ISteamRemoteStorage005.h">
      <Filter>ColdAPI_Steam\public SDK</Filter>
    </ClInclude>
    <ClInclude Include="public SDK\ISteamRemoteStorage006.h">
      <Filter>ColdAPI_Steam\public SDK</Filter>
    </ClInclude>
    <ClInclude Include="public SDK\ISteamRemoteStorage007.h">
      <Filter>ColdAPI_Steam\public SDK</Filter>
    </ClInclude>
    <ClInclude Include="public SDK\ISteamRemoteStorage008.h">
      <Filter>ColdAPI_Steam\public SDK</Filter>
    </ClInclude>
    <ClInclude Include="public SDK\ISteamRemoteStorage009.h">
      <Filter>ColdAPI_Steam\public SDK</Filter>
    </ClInclude>
    <ClInclude Include="public SDK\ISteamRemoteStorage010.h">
      <Filter>ColdAPI_Steam\public SDK</Filter>
    </ClInclude>
    <ClInclude Include="public SDK\ISteamRemoteStorage011.h">
      <Filter>ColdAPI_Steam\public SDK</Filter>
    </ClInclude>
    <ClInclude Include="public SDK\ISteamRemoteStorage012.h">
      <Filter>ColdAPI_Steam\public SDK</Filter>
    </ClInclude>
    <ClInclude Include="public SDK\ISteamRemoteStorage013.h">
      <Filter>ColdAPI_Steam\public SDK</Filter>
    </ClInclude>
    <ClInclude Include="public SDK\ISteamRemoteStorage014.h">
      <Filter>ColdAPI_Steam\public SDK</Filter>
    </ClInclude>
    <ClInclude Include="public SDK\ISteamScreenshots001.h">
      <Filter>ColdAPI_Steam\public SDK</Filter>
    </ClInclude>
    <ClInclude Include="public SDK\ISteamScreenshots002.h">
      <Filter>ColdAPI_Steam\public SDK</Filter>
    </ClInclude>
    <ClInclude Include="public SDK\ISteamScreenshots003.h">
      <Filter>ColdAPI_Steam\public SDK</Filter>
    </ClInclude>
    <ClInclude Include="public SDK\ISteamStreamLauncher001.h">
      <Filter>ColdAPI_Steam\public SDK</Filter>
    </ClInclude>
    <ClInclude Include="public SDK\ISteamUGC001.h">
      <Filter>ColdAPI_Steam\public SDK</Filter>
    </ClInclude>
    <ClInclude Include="public SDK\ISteamUGC002.h">
      <Filter>ColdAPI_Steam\public SDK</Filter>
    </ClInclude>
    <ClInclude Include="public SDK\ISteamUGC003.h">
      <Filter>ColdAPI_Steam\public SDK</Filter>
    </ClInclude>
    <ClInclude Include="public SDK\ISteamUGC004.h">
      <Filter>ColdAPI_Steam\public SDK</Filter>
    </ClInclude>
    <ClInclude Include="public SDK\ISteamUGC005.h">
      <Filter>ColdAPI_Steam\public SDK</Filter>
    </ClInclude>
    <ClInclude Include="public SDK\ISteamUGC007.h">
      <Filter>ColdAPI_Steam\public SDK</Filter>
    </ClInclude>
    <ClInclude Include="public SDK\ISteamUGC008.h">
      <Filter>ColdAPI_Steam\public SDK</Filter>
    </ClInclude>
    <ClInclude Include="public SDK\ISteamUGC009.h">
      <Filter>ColdAPI_Steam\public SDK</Filter>
    </ClInclude>
    <ClInclude Include="public SDK\ISteamUGC010.h">
      <Filter>ColdAPI_Steam\public SDK</Filter>
    </ClInclude>
    <ClInclude Include="public SDK\ISteamUGC012.h">
      <Filter>ColdAPI_Steam\public SDK</Filter>
    </ClInclude>
    <ClInclude Include="public SDK\ISteamUGC013.h">
      <Filter>ColdAPI_Steam\public SDK</Filter>
    </ClInclude>
    <ClInclude Include="public SDK\ISteamUnifiedMessages001.h">
      <Filter>ColdAPI_Steam\public SDK</Filter>
    </ClInclude>
    <ClInclude Include="public SDK\ISteamUser004.h">
      <Filter>ColdAPI_Steam\public SDK</Filter>
    </ClInclude>
    <ClInclude Include="public SDK\ISteamUser005.h">
      <Filter>ColdAPI_Steam\public SDK</Filter>
    </ClInclude>
    <ClInclude Include="public SDK\ISteamUser006.h">
      <Filter>ColdAPI_Steam\public SDK</Filter>
    </ClInclude>
    <ClInclude Include="public SDK\ISteamUser007.h">
      <Filter>ColdAPI_Steam\public SDK</Filter>
    </ClInclude>
    <ClInclude Include="public SDK\ISteamUser008.h">
      <Filter>ColdAPI_Steam\public SDK</Filter>
    </ClInclude>
    <ClInclude Include="public SDK\ISteamUser009.h">
      <Filter>ColdAPI_Steam\public SDK</Filter>
    </ClInclude>
    <ClInclude Include="public SDK\ISteamUser010.h">
      <Filter>ColdAPI_Steam\public SDK</Filter>
    </ClInclude>
    <ClInclude Include="public SDK\ISteamUser011.h">
      <Filter>ColdAPI_Steam\public SDK</Filter>
    </ClInclude>
    <ClInclude Include="public SDK\ISteamUser012.h">
      <Filter>ColdAPI_Steam\public SDK</Filter>
    </ClInclude>
    <ClInclude Include="public SDK\ISteamUser013.h">
      <Filter>ColdAPI_Steam\public SDK</Filter>
    </ClInclude>
    <ClInclude Include="public SDK\ISteamUser014.h">
      <Filter>ColdAPI_Steam\public SDK</Filter>
    </ClInclude>
    <ClInclude Include="public SDK\ISteamUser015.h">
      <Filter>ColdAPI_Steam\public SDK</Filter>
    </ClInclude>
    <ClInclude Include="public SDK\ISteamUser016.h">
      <Filter>ColdAPI_Steam\public SDK</Filter>
    </ClInclude>
    <ClInclude Include="public SDK\ISteamUser017.h">
      <Filter>ColdAPI_Steam\public SDK</Filter>
    </ClInclude>
    <ClInclude Include="public SDK\ISteamUser018.h">
      <Filter>ColdAPI_Steam\public SDK</Filter>
    </ClInclude>
    <ClInclude Include="public SDK\ISteamUser019.h">
      <Filter>ColdAPI_Steam\public SDK</Filter>
    </ClInclude>
    <ClInclude Include="public SDK\ISteamUser020.h">
      <Filter>ColdAPI_Steam\public SDK</Filter>
    </ClInclude>
    <ClInclude Include="public SDK\ISteamUserStats001.h">
      <Filter>ColdAPI_Steam\public SDK</Filter>
    </ClInclude>
    <ClInclude Include="public SDK\ISteamUserStats002.h">
      <Filter>ColdAPI_Steam\public SDK</Filter>
    </ClInclude>
    <ClInclude Include="public SDK\ISteamUserStats003.h">
      <Filter>ColdAPI_Steam\public SDK</Filter>
    </ClInclude>
    <ClInclude Include="public SDK\ISteamUserStats004.h">
      <Filter>ColdAPI_Steam\public SDK</Filter>
    </ClInclude>
    <ClInclude Include="public SDK\ISteamUserStats005.h">
      <Filter>ColdAPI_Steam\public SDK</Filter>
    </ClInclude>
    <ClInclude Include="public SDK\ISteamUserStats006.h">
      <Filter>ColdAPI_Steam\public SDK</Filter>
    </ClInclude>
    <ClInclude Include="public SDK\ISteamUserStats007.h">
      <Filter>ColdAPI_Steam\public SDK</Filter>
    </ClInclude>
    <ClInclude Include="public SDK\ISteamUserStats008.h">
      <Filter>ColdAPI_Steam\public SDK</Filter>
    </ClInclude>
    <ClInclude Include="public SDK\ISteamUserStats009.h">
      <Filter>ColdAPI_Steam\public SDK</Filter>
    </ClInclude>
    <ClInclude Include="public SDK\ISteamUserStats010.h">
      <Filter>ColdAPI_Steam\public SDK</Filter>
    </ClInclude>
    <ClInclude Include="public SDK\ISteamUserStats011.h">
      <Filter>ColdAPI_Steam\public SDK</Filter>
    </ClInclude>
    <ClInclude Include="public SDK\ISteamUtils001.h">
      <Filter>ColdAPI_Steam\public SDK</Filter>
    </ClInclude>
    <ClInclude Include="public SDK\ISteamUtils002.h">
      <Filter>ColdAPI_Steam\public SDK</Filter>
    </ClInclude>
    <ClInclude Include="public SDK\ISteamUtils003.h">
      <Filter>ColdAPI_Steam\public SDK</Filter>
    </ClInclude>
    <ClInclude Include="public SDK\ISteamUtils004.h">
      <Filter>ColdAPI_Steam\public SDK</Filter>
    </ClInclude>
    <ClInclude Include="public SDK\ISteamUtils005.h">
      <Filter>ColdAPI_Steam\public SDK</Filter>
    </ClInclude>
    <ClInclude Include="public SDK\ISteamUtils006.h">
      <Filter>ColdAPI_Steam\public SDK</Filter>
    </ClInclude>
    <ClInclude Include="public SDK\ISteamUtils007.h">
      <Filter>ColdAPI_Steam\public SDK</Filter>
    </ClInclude>
    <ClInclude Include="public SDK\ISteamUtils008.h">
      <Filter>ColdAPI_Steam\public SDK</Filter>
    </ClInclude>
    <ClInclude Include="public SDK\ISteamUtils009.h">
      <Filter>ColdAPI_Steam\public SDK</Filter>
    </ClInclude>
    <ClInclude Include="public SDK\ISteamVideo001.h">
      <Filter>ColdAPI_Steam\public SDK</Filter>
    </ClInclude>
    <ClInclude Include="public SDK\ISteamVideo002.h">
      <Filter>ColdAPI_Steam\public SDK</Filter>
    </ClInclude>
    <ClInclude Include="public SDK\MasterServerUpdaterCommon.h">
      <Filter>ColdAPI_Steam\public SDK</Filter>
    </ClInclude>
    <ClInclude Include="public SDK\MatchmakingCommon.h">
      <Filter>ColdAPI_Steam\public SDK</Filter>
    </ClInclude>
    <ClInclude Include="public SDK\MatchMakingKeyValuePair.h">
      <Filter>ColdAPI_Steam\public SDK</Filter>
    </ClInclude>
    <ClInclude Include="public SDK\MatchmakingServersCommon.h">
      <Filter>ColdAPI_Steam\public SDK</Filter>
    </ClInclude>
    <ClInclude Include="public SDK\MusicCommon.h">
      <Filter>ColdAPI_Steam\public SDK</Filter>
    </ClInclude>
    <ClInclude Include="public SDK\MusicRemoteCommon.h">
      <Filter>ColdAPI_Steam\public SDK</Filter>
    </ClInclude>
    <ClInclude Include="public SDK\NetworkingCommon.h">
      <Filter>ColdAPI_Steam\public SDK</Filter>
    </ClInclude>
    <ClInclude Include="public SDK\OAuthCommon.h">
      <Filter>ColdAPI_Steam\public SDK</Filter>
    </ClInclude>
    <ClInclude Include="public SDK\POSIXLibrary.h">
      <Filter>ColdAPI_Steam\public SDK</Filter>
    </ClInclude>
    <ClInclude Include="public SDK\RemoteStorageCommon.h">
      <Filter>ColdAPI_Steam\public SDK</Filter>
    </ClInclude>
    <ClInclude Include="public SDK\ScreenshotsCommon.h">
      <Filter>ColdAPI_Steam\public SDK</Filter>
    </ClInclude>
    <ClInclude Include="public SDK\servernetadr.h">
      <Filter>ColdAPI_Steam\public SDK</Filter>
    </ClInclude>
    <ClInclude Include="public SDK\Steam.h">
      <Filter>ColdAPI_Steam\public SDK</Filter>
    </ClInclude>
    <ClInclude Include="public SDK\SteamAPI.h">
      <Filter>ColdAPI_Steam\public SDK</Filter>
    </ClInclude>
    <ClInclude Include="public SDK\Steamclient.h">
      <Filter>ColdAPI_Steam\public SDK</Filter>
    </ClInclude>
    <ClInclude Include="public SDK\SteamclientAPI.h">
      <Filter>ColdAPI_Steam\public SDK</Filter>
    </ClInclude>
    <ClInclude Include="public SDK\SteamSalt.h">
      <Filter>ColdAPI_Steam\public SDK</Filter>
    </ClInclude>
    <ClInclude Include="public SDK\SteamTypes.h">
      <Filter>ColdAPI_Steam\public SDK</Filter>
    </ClInclude>
    <ClInclude Include="public SDK\Steamworks.h">
      <Filter>ColdAPI_Steam\public SDK</Filter>
    </ClInclude>
    <ClInclude Include="public SDK\StreamLauncherCommon.h">
      <Filter>ColdAPI_Steam\public SDK</Filter>
    </ClInclude>
    <ClInclude Include="public SDK\TSteamApp.h">
      <Filter>ColdAPI_Steam\public SDK</Filter>
    </ClInclude>
    <ClInclude Include="public SDK\TSteamAppDependencyInfo.h">
      <Filter>ColdAPI_Steam\public SDK</Filter>
    </ClInclude>
    <ClInclude Include="public SDK\TSteamAppLaunchOption.h">
      <Filter>ColdAPI_Steam\public SDK</Filter>
    </ClInclude>
    <ClInclude Include="public SDK\TSteamAppStats.h">
      <Filter>ColdAPI_Steam\public SDK</Filter>
    </ClInclude>
    <ClInclude Include="public SDK\TSteamAppVersion.h">
      <Filter>ColdAPI_Steam\public SDK</Filter>
    </ClInclude>
    <ClInclude Include="public SDK\TSteamDiscountQualifier.h">
      <Filter>ColdAPI_Steam\public SDK</Filter>
    </ClInclude>
    <ClInclude Include="public SDK\TSteamElemInfo.h">
      <Filter>ColdAPI_Steam\public SDK</Filter>
    </ClInclude>
    <ClInclude Include="public SDK\TSteamError.h">
      <Filter>ColdAPI_Steam\public SDK</Filter>
    </ClInclude>
    <ClInclude Include="public SDK\TSteamExternalBillingInfo.h">
      <Filter>ColdAPI_Steam\public SDK</Filter>
    </ClInclude>
    <ClInclude Include="public SDK\TSteamGlobalUserID.h">
      <Filter>ColdAPI_Steam\public SDK</Filter>
    </ClInclude>
    <ClInclude Include="public SDK\TSteamOfflineStatus.h">
      <Filter>ColdAPI_Steam\public SDK</Filter>
    </ClInclude>
    <ClInclude Include="public SDK\TSteamPaymentCardInfo.h">
      <Filter>ColdAPI_Steam\public SDK</Filter>
    </ClInclude>
    <ClInclude Include="public SDK\TSteamPaymentCardReceiptInfo.h">
      <Filter>ColdAPI_Steam\public SDK</Filter>
    </ClInclude>
    <ClInclude Include="public SDK\TSteamPrepurchaseInfo.h">
      <Filter>ColdAPI_Steam\public SDK</Filter>
    </ClInclude>
    <ClInclude Include="public SDK\TSteamPrepurchaseReceiptInfo.h">
      <Filter>ColdAPI_Steam\public SDK</Filter>
    </ClInclude>
    <ClInclude Include="public SDK\TSteamProgress.h">
      <Filter>ColdAPI_Steam\public SDK</Filter>
    </ClInclude>
    <ClInclude Include="public SDK\TSteamSplitLocalUserID.h">
      <Filter>ColdAPI_Steam\public SDK</Filter>
    </ClInclude>
    <ClInclude Include="public SDK\TSteamSubscription.h">
      <Filter>ColdAPI_Steam\public SDK</Filter>
    </ClInclude>
    <ClInclude Include="public SDK\TSteamSubscriptionBillingInfo.h">
      <Filter>ColdAPI_Steam\public SDK</Filter>
    </ClInclude>
    <ClInclude Include="public SDK\TSteamSubscriptionDiscount.h">
      <Filter>ColdAPI_Steam\public SDK</Filter>
    </ClInclude>
    <ClInclude Include="public SDK\TSteamSubscriptionReceipt.h">
      <Filter>ColdAPI_Steam\public SDK</Filter>
    </ClInclude>
    <ClInclude Include="public SDK\TSteamSubscriptionStats.h">
      <Filter>ColdAPI_Steam\public SDK</Filter>
    </ClInclude>
    <ClInclude Include="public SDK\TSteamUpdateStats.h">
      <Filter>ColdAPI_Steam\public SDK</Filter>
    </ClInclude>
    <ClInclude Include="public SDK\UGCCommon.h">
      <Filter>ColdAPI_Steam\public SDK</Filter>
    </ClInclude>
    <ClInclude Include="public SDK\UnifiedMessagesCommon.h">
      <Filter>ColdAPI_Steam\public SDK</Filter>
    </ClInclude>
    <ClInclude Include="public SDK\UserCommon.h">
      <Filter>ColdAPI_Steam\public SDK</Filter>
    </ClInclude>
    <ClInclude Include="public SDK\UserStatsCommon.h">
      <Filter>ColdAPI_Steam\public SDK</Filter>
    </ClInclude>
    <ClInclude Include="public SDK\UtilsCommon.h">
      <Filter>ColdAPI_Steam\public SDK</Filter>
    </ClInclude>
    <ClInclude Include="public SDK\VideoCommon.h">
      <Filter>ColdAPI_Steam\public SDK</Filter>
    </ClInclude>
    <ClInclude Include="public SDK\Win32Library.h">
      <Filter>ColdAPI_Steam\public SDK</Filter>
    </ClInclude>
    <ClInclude Include="SteamStubBypass\SteamStub.h">
      <Filter>ColdAPI_Steam\SteamStubBypass</Filter>
    </ClInclude>
    <ClInclude Include="InterfacesEmulation\PublicConnector.h">
      <Filter>ColdAPI_Steam\InterfacesEmulation</Filter>
    </ClInclude>
    <ClInclude Include="InterfacesEmulation\SteamAppList001.h">
      <Filter>ColdAPI_Steam\InterfacesEmulation</Filter>
    </ClInclude>
    <ClInclude Include="InterfacesEmulation\SteamApps001.h">
      <Filter>ColdAPI_Steam\InterfacesEmulation</Filter>
    </ClInclude>
    <ClInclude Include="InterfacesEmulation\SteamApps002.h">
      <Filter>ColdAPI_Steam\InterfacesEmulation</Filter>
    </ClInclude>
    <ClInclude Include="InterfacesEmulation\SteamApps003.h">
      <Filter>ColdAPI_Steam\InterfacesEmulation</Filter>
    </ClInclude>
    <ClInclude Include="InterfacesEmulation\SteamApps004.h">
      <Filter>ColdAPI_Steam\InterfacesEmulation</Filter>
    </ClInclude>
    <ClInclude Include="InterfacesEmulation\SteamApps005.h">
      <Filter>ColdAPI_Steam\InterfacesEmulation</Filter>
    </ClInclude>
    <ClInclude Include="InterfacesEmulation\SteamApps006.h">
      <Filter>ColdAPI_Steam\InterfacesEmulation</Filter>
    </ClInclude>
    <ClInclude Include="InterfacesEmulation\SteamApps007.h">
      <Filter>ColdAPI_Steam\InterfacesEmulation</Filter>
    </ClInclude>
    <ClInclude Include="InterfacesEmulation\SteamApps008.h">
      <Filter>ColdAPI_Steam\InterfacesEmulation</Filter>
    </ClInclude>
    <ClInclude Include="InterfacesEmulation\SteamAppTicket001.h">
      <Filter>ColdAPI_Steam\InterfacesEmulation</Filter>
    </ClInclude>
    <ClInclude Include="InterfacesEmulation\SteamBilling001.h">
      <Filter>ColdAPI_Steam\InterfacesEmulation</Filter>
    </ClInclude>
    <ClInclude Include="InterfacesEmulation\SteamBilling002.h">
      <Filter>ColdAPI_Steam\InterfacesEmulation</Filter>
    </ClInclude>
    <ClInclude Include="InterfacesEmulation\SteamClient006.h">
      <Filter>ColdAPI_Steam\InterfacesEmulation</Filter>
    </ClInclude>
    <ClInclude Include="InterfacesEmulation\SteamClient007.h">
      <Filter>ColdAPI_Steam\InterfacesEmulation</Filter>
    </ClInclude>
    <ClInclude Include="InterfacesEmulation\SteamClient008.h">
      <Filter>ColdAPI_Steam\InterfacesEmulation</Filter>
    </ClInclude>
    <ClInclude Include="InterfacesEmulation\SteamClient009.h">
      <Filter>ColdAPI_Steam\InterfacesEmulation</Filter>
    </ClInclude>
    <ClInclude Include="InterfacesEmulation\SteamClient010.h">
      <Filter>ColdAPI_Steam\InterfacesEmulation</Filter>
    </ClInclude>
    <ClInclude Include="InterfacesEmulation\SteamClient011.h">
      <Filter>ColdAPI_Steam\InterfacesEmulation</Filter>
    </ClInclude>
    <ClInclude Include="InterfacesEmulation\SteamClient012.h">
      <Filter>ColdAPI_Steam\InterfacesEmulation</Filter>
    </ClInclude>
    <ClInclude Include="InterfacesEmulation\SteamClient013.h">
      <Filter>ColdAPI_Steam\InterfacesEmulation</Filter>
    </ClInclude>
    <ClInclude Include="InterfacesEmulation\SteamClient014.h">
      <Filter>ColdAPI_Steam\InterfacesEmulation</Filter>
    </ClInclude>
    <ClInclude Include="InterfacesEmulation\SteamClient015.h">
      <Filter>ColdAPI_Steam\InterfacesEmulation</Filter>
    </ClInclude>
    <ClInclude Include="InterfacesEmulation\SteamClient016.h">
      <Filter>ColdAPI_Steam\InterfacesEmulation</Filter>
    </ClInclude>
    <ClInclude Include="InterfacesEmulation\SteamClient017.h">
      <Filter>ColdAPI_Steam\InterfacesEmulation</Filter>
    </ClInclude>
    <ClInclude Include="InterfacesEmulation\SteamClient018.h">
      <Filter>ColdAPI_Steam\InterfacesEmulation</Filter>
    </ClInclude>
    <ClInclude Include="InterfacesEmulation\SteamClient019.h">
      <Filter>ColdAPI_Steam\InterfacesEmulation</Filter>
    </ClInclude>
    <ClInclude Include="InterfacesEmulation\SteamContentServer001.h">
      <Filter>ColdAPI_Steam\InterfacesEmulation</Filter>
    </ClInclude>
    <ClInclude Include="InterfacesEmulation\SteamContentServer002.h">
      <Filter>ColdAPI_Steam\InterfacesEmulation</Filter>
    </ClInclude>
    <ClInclude Include="InterfacesEmulation\SteamController001.h">
      <Filter>ColdAPI_Steam\InterfacesEmulation</Filter>
    </ClInclude>
    <ClInclude Include="InterfacesEmulation\SteamController002.h">
      <Filter>ColdAPI_Steam\InterfacesEmulation</Filter>
    </ClInclude>
    <ClInclude Include="InterfacesEmulation\SteamController003.h">
      <Filter>ColdAPI_Steam\InterfacesEmulation</Filter>
    </ClInclude>
    <ClInclude Include="InterfacesEmulation\SteamController004.h">
      <Filter>ColdAPI_Steam\InterfacesEmulation</Filter>
    </ClInclude>
    <ClInclude Include="InterfacesEmulation\SteamController005.h">
      <Filter>ColdAPI_Steam\InterfacesEmulation</Filter>
    </ClInclude>
    <ClInclude Include="InterfacesEmulation\SteamController006.h">
      <Filter>ColdAPI_Steam\InterfacesEmulation</Filter>
    </ClInclude>
    <ClInclude Include="InterfacesEmulation\SteamController007.h">
      <Filter>ColdAPI_Steam\InterfacesEmulation</Filter>
    </ClInclude>
    <ClInclude Include="InterfacesEmulation\SteamFriends001.h">
      <Filter>ColdAPI_Steam\InterfacesEmulation</Filter>
    </ClInclude>
    <ClInclude Include="InterfacesEmulation\SteamFriends002.h">
      <Filter>ColdAPI_Steam\InterfacesEmulation</Filter>
    </ClInclude>
    <ClInclude Include="InterfacesEmulation\SteamFriends003.h">
      <Filter>ColdAPI_Steam\InterfacesEmulation</Filter>
    </ClInclude>
    <ClInclude Include="InterfacesEmulation\SteamFriends004.h">
      <Filter>ColdAPI_Steam\InterfacesEmulation</Filter>
    </ClInclude>
    <ClInclude Include="InterfacesEmulation\SteamFriends005.h">
      <Filter>ColdAPI_Steam\InterfacesEmulation</Filter>
    </ClInclude>
    <ClInclude Include="InterfacesEmulation\SteamFriends006.h">
      <Filter>ColdAPI_Steam\InterfacesEmulation</Filter>
    </ClInclude>
    <ClInclude Include="InterfacesEmulation\SteamFriends007.h">
      <Filter>ColdAPI_Steam\InterfacesEmulation</Filter>
    </ClInclude>
    <ClInclude Include="InterfacesEmulation\SteamFriends008.h">
      <Filter>ColdAPI_Steam\InterfacesEmulation</Filter>
    </ClInclude>
    <ClInclude Include="InterfacesEmulation\SteamFriends009.h">
      <Filter>ColdAPI_Steam\InterfacesEmulation</Filter>
    </ClInclude>
    <ClInclude Include="InterfacesEmulation\SteamFriends010.h">
      <Filter>ColdAPI_Steam\InterfacesEmulation</Filter>
    </ClInclude>
    <ClInclude Include="InterfacesEmulation\SteamFriends011.h">
      <Filter>ColdAPI_Steam\InterfacesEmulation</Filter>
    </ClInclude>
    <ClInclude Include="InterfacesEmulation\SteamFriends012.h">
      <Filter>ColdAPI_Steam\InterfacesEmulation</Filter>
    </ClInclude>
    <ClInclude Include="InterfacesEmulation\SteamFriends013.h">
      <Filter>ColdAPI_Steam\InterfacesEmulation</Filter>
    </ClInclude>
    <ClInclude Include="InterfacesEmulation\SteamFriends014.h">
      <Filter>ColdAPI_Steam\InterfacesEmulation</Filter>
    </ClInclude>
    <ClInclude Include="InterfacesEmulation\SteamFriends015.h">
      <Filter>ColdAPI_Steam\InterfacesEmulation</Filter>
    </ClInclude>
    <ClInclude Include="InterfacesEmulation\SteamFriends016.h">
      <Filter>ColdAPI_Steam\InterfacesEmulation</Filter>
    </ClInclude>
    <ClInclude Include="InterfacesEmulation\SteamFriends017.h">
      <Filter>ColdAPI_Steam\InterfacesEmulation</Filter>
    </ClInclude>
    <ClInclude Include="InterfacesEmulation\SteamGameCoordinator001.h">
      <Filter>ColdAPI_Steam\InterfacesEmulation</Filter>
    </ClInclude>
    <ClInclude Include="InterfacesEmulation\SteamGameSearch001.h">
      <Filter>ColdAPI_Steam\InterfacesEmulation</Filter>
    </ClInclude>
    <ClInclude Include="InterfacesEmulation\SteamGameServer002.h">
      <Filter>ColdAPI_Steam\InterfacesEmulation</Filter>
    </ClInclude>
    <ClInclude Include="InterfacesEmulation\SteamGameServer003.h">
      <Filter>ColdAPI_Steam\InterfacesEmulation</Filter>
    </ClInclude>
    <ClInclude Include="InterfacesEmulation\SteamGameServer004.h">
      <Filter>ColdAPI_Steam\InterfacesEmulation</Filter>
    </ClInclude>
    <ClInclude Include="InterfacesEmulation\SteamGameServer005.h">
      <Filter>ColdAPI_Steam\InterfacesEmulation</Filter>
    </ClInclude>
    <ClInclude Include="InterfacesEmulation\SteamGameServer006.h">
      <Filter>ColdAPI_Steam\InterfacesEmulation</Filter>
    </ClInclude>
    <ClInclude Include="InterfacesEmulation\SteamGameServer007.h">
      <Filter>ColdAPI_Steam\InterfacesEmulation</Filter>
    </ClInclude>
    <ClInclude Include="InterfacesEmulation\SteamGameServer008.h">
      <Filter>ColdAPI_Steam\InterfacesEmulation</Filter>
    </ClInclude>
    <ClInclude Include="InterfacesEmulation\SteamGameServer009.h">
      <Filter>ColdAPI_Steam\InterfacesEmulation</Filter>
    </ClInclude>
    <ClInclude Include="InterfacesEmulation\SteamGameServer010.h">
      <Filter>ColdAPI_Steam\InterfacesEmulation</Filter>
    </ClInclude>
    <ClInclude Include="InterfacesEmulation\SteamGameServer011.h">
      <Filter>ColdAPI_Steam\InterfacesEmulation</Filter>
    </ClInclude>
    <ClInclude Include="InterfacesEmulation\SteamGameServer012.h">
      <Filter>ColdAPI_Steam\InterfacesEmulation</Filter>
    </ClInclude>
    <ClInclude Include="InterfacesEmulation\SteamGameServerStats001.h">
      <Filter>ColdAPI_Steam\InterfacesEmulation</Filter>
    </ClInclude>
    <ClInclude Include="InterfacesEmulation\SteamHTMLSurface002.h">
      <Filter>ColdAPI_Steam\InterfacesEmulation</Filter>
    </ClInclude>
    <ClInclude Include="InterfacesEmulation\SteamHTMLSurface003.h">
      <Filter>ColdAPI_Steam\InterfacesEmulation</Filter>
    </ClInclude>
    <ClInclude Include="InterfacesEmulation\SteamHTMLSurface004.h">
      <Filter>ColdAPI_Steam\InterfacesEmulation</Filter>
    </ClInclude>
    <ClInclude Include="InterfacesEmulation\SteamHTMLSurface005.h">
      <Filter>ColdAPI_Steam\InterfacesEmulation</Filter>
    </ClInclude>
    <ClInclude Include="InterfacesEmulation\SteamHTTP001.h">
      <Filter>ColdAPI_Steam\InterfacesEmulation</Filter>
    </ClInclude>
    <ClInclude Include="InterfacesEmulation\SteamHTTP002.h">
      <Filter>ColdAPI_Steam\InterfacesEmulation</Filter>
    </ClInclude>
    <ClInclude Include="InterfacesEmulation\SteamHTTP003.h">
      <Filter>ColdAPI_Steam\InterfacesEmulation</Filter>
    </ClInclude>
    <ClInclude Include="InterfacesEmulation\SteamInput001.h">
      <Filter>ColdAPI_Steam\InterfacesEmulation</Filter>
    </ClInclude>
    <ClInclude Include="InterfacesEmulation\SteamInventory001.h">
      <Filter>ColdAPI_Steam\InterfacesEmulation</Filter>
    </ClInclude>
    <ClInclude Include="InterfacesEmulation\SteamInventory002.h">
      <Filter>ColdAPI_Steam\InterfacesEmulation</Filter>
    </ClInclude>
    <ClInclude Include="InterfacesEmulation\SteamInventory003.h">
      <Filter>ColdAPI_Steam\InterfacesEmulation</Filter>
    </ClInclude>
    <ClInclude Include="InterfacesEmulation\SteamMatchmaking001.h">
      <Filter>ColdAPI_Steam\InterfacesEmulation</Filter>
    </ClInclude>
    <ClInclude Include="InterfacesEmulation\SteamMatchmaking002.h">
      <Filter>ColdAPI_Steam\InterfacesEmulation</Filter>
    </ClInclude>
    <ClInclude Include="InterfacesEmulation\SteamMatchmaking003.h">
      <Filter>ColdAPI_Steam\InterfacesEmulation</Filter>
    </ClInclude>
    <ClInclude Include="InterfacesEmulation\SteamMatchmaking004.h">
      <Filter>ColdAPI_Steam\InterfacesEmulation</Filter>
    </ClInclude>
    <ClInclude Include="InterfacesEmulation\SteamMatchmaking005.h">
      <Filter>ColdAPI_Steam\InterfacesEmulation</Filter>
    </ClInclude>
    <ClInclude Include="InterfacesEmulation\SteamMatchmaking006.h">
      <Filter>ColdAPI_Steam\InterfacesEmulation</Filter>
    </ClInclude>
    <ClInclude Include="InterfacesEmulation\SteamMatchmaking007.h">
      <Filter>ColdAPI_Steam\InterfacesEmulation</Filter>
    </ClInclude>
    <ClInclude Include="InterfacesEmulation\SteamMatchmaking008.h">
      <Filter>ColdAPI_Steam\InterfacesEmulation</Filter>
    </ClInclude>
    <ClInclude Include="InterfacesEmulation\SteamMatchmaking009.h">
      <Filter>ColdAPI_Steam\InterfacesEmulation</Filter>
    </ClInclude>
    <ClInclude Include="InterfacesEmulation\SteamMatchmakingServers001.h">
      <Filter>ColdAPI_Steam\InterfacesEmulation</Filter>
    </ClInclude>
    <ClInclude Include="InterfacesEmulation\SteamMatchmakingServers002.h">
      <Filter>ColdAPI_Steam\InterfacesEmulation</Filter>
    </ClInclude>
    <ClInclude Include="InterfacesEmulation\SteamMusic001.h">
      <Filter>ColdAPI_Steam\InterfacesEmulation</Filter>
    </ClInclude>
    <ClInclude Include="InterfacesEmulation\SteamMusicRemote001.h">
      <Filter>ColdAPI_Steam\InterfacesEmulation</Filter>
    </ClInclude>
    <ClInclude Include="InterfacesEmulation\SteamNetworking001.h">
      <Filter>ColdAPI_Steam\InterfacesEmulation</Filter>
    </ClInclude>
    <ClInclude Include="InterfacesEmulation\SteamNetworking002.h">
      <Filter>ColdAPI_Steam\InterfacesEmulation</Filter>
    </ClInclude>
    <ClInclude Include="InterfacesEmulation\SteamNetworking003.h">
      <Filter>ColdAPI_Steam\InterfacesEmulation</Filter>
    </ClInclude>
    <ClInclude Include="InterfacesEmulation\SteamNetworking004.h">
      <Filter>ColdAPI_Steam\InterfacesEmulation</Filter>
    </ClInclude>
    <ClInclude Include="InterfacesEmulation\SteamNetworking005.h">
      <Filter>ColdAPI_Steam\InterfacesEmulation</Filter>
    </ClInclude>
    <ClInclude Include="InterfacesEmulation\SteamParentalSettings001.h">
      <Filter>ColdAPI_Steam\InterfacesEmulation</Filter>
    </ClInclude>
    <ClInclude Include="InterfacesEmulation\SteamParties002.h">
      <Filter>ColdAPI_Steam\InterfacesEmulation</Filter>
    </ClInclude>
    <ClInclude Include="InterfacesEmulation\SteamRemotePlay001.h">
      <Filter>ColdAPI_Steam\InterfacesEmulation</Filter>
    </ClInclude>
    <ClInclude Include="InterfacesEmulation\SteamRemoteStorage001.h">
      <Filter>ColdAPI_Steam\InterfacesEmulation</Filter>
    </ClInclude>
    <ClInclude Include="InterfacesEmulation\SteamRemoteStorage002.h">
      <Filter>ColdAPI_Steam\InterfacesEmulation</Filter>
    </ClInclude>
    <ClInclude Include="InterfacesEmulation\SteamRemoteStorage003.h">
      <Filter>ColdAPI_Steam\InterfacesEmulation</Filter>
    </ClInclude>
    <ClInclude Include="InterfacesEmulation\SteamRemoteStorage004.h">
      <Filter>ColdAPI_Steam\InterfacesEmulation</Filter>
    </ClInclude>
    <ClInclude Include="InterfacesEmulation\SteamRemoteStorage005.h">
      <Filter>ColdAPI_Steam\InterfacesEmulation</Filter>
    </ClInclude>
    <ClInclude Include="InterfacesEmulation\SteamRemoteStorage006.h">
      <Filter>ColdAPI_Steam\InterfacesEmulation</Filter>
    </ClInclude>
    <ClInclude Include="InterfacesEmulation\SteamRemoteStorage007.h">
      <Filter>ColdAPI_Steam\InterfacesEmulation</Filter>
    </ClInclude>
    <ClInclude Include="InterfacesEmulation\SteamRemoteStorage008.h">
      <Filter>ColdAPI_Steam\InterfacesEmulation</Filter>
    </ClInclude>
    <ClInclude Include="InterfacesEmulation\SteamRemoteStorage009.h">
      <Filter>ColdAPI_Steam\InterfacesEmulation</Filter>
    </ClInclude>
    <ClInclude Include="InterfacesEmulation\SteamRemoteStorage010.h">
      <Filter>ColdAPI_Steam\InterfacesEmulation</Filter>
    </ClInclude>
    <ClInclude Include="InterfacesEmulation\SteamRemoteStorage011.h">
      <Filter>ColdAPI_Steam\InterfacesEmulation</Filter>
    </ClInclude>
    <ClInclude Include="InterfacesEmulation\SteamRemoteStorage012.h">
      <Filter>ColdAPI_Steam\InterfacesEmulation</Filter>
    </ClInclude>
    <ClInclude Include="InterfacesEmulation\SteamRemoteStorage013.h">
      <Filter>ColdAPI_Steam\InterfacesEmulation</Filter>
    </ClInclude>
    <ClInclude Include="InterfacesEmulation\SteamRemoteStorage014.h">
      <Filter>ColdAPI_Steam\InterfacesEmulation</Filter>
    </ClInclude>
    <ClInclude Include="InterfacesEmulation\SteamScreenshots001.h">
      <Filter>ColdAPI_Steam\InterfacesEmulation</Filter>
    </ClInclude>
    <ClInclude Include="InterfacesEmulation\SteamScreenshots002.h">
      <Filter>ColdAPI_Steam\InterfacesEmulation</Filter>
    </ClInclude>
    <ClInclude Include="InterfacesEmulation\SteamScreenshots003.h">
      <Filter>ColdAPI_Steam\InterfacesEmulation</Filter>
    </ClInclude>
    <ClInclude Include="InterfacesEmulation\SteamUGC001.h">
      <Filter>ColdAPI_Steam\InterfacesEmulation</Filter>
    </ClInclude>
    <ClInclude Include="InterfacesEmulation\SteamUGC002.h">
      <Filter>ColdAPI_Steam\InterfacesEmulation</Filter>
    </ClInclude>
    <ClInclude Include="InterfacesEmulation\SteamUGC003.h">
      <Filter>ColdAPI_Steam\InterfacesEmulation</Filter>
    </ClInclude>
    <ClInclude Include="InterfacesEmulation\SteamUGC004.h">
      <Filter>ColdAPI_Steam\InterfacesEmulation</Filter>
    </ClInclude>
    <ClInclude Include="InterfacesEmulation\SteamUGC005.h">
      <Filter>ColdAPI_Steam\InterfacesEmulation</Filter>
    </ClInclude>
    <ClInclude Include="InterfacesEmulation\SteamUGC007.h">
      <Filter>ColdAPI_Steam\InterfacesEmulation</Filter>
    </ClInclude>
    <ClInclude Include="InterfacesEmulation\SteamUGC008.h">
      <Filter>ColdAPI_Steam\InterfacesEmulation</Filter>
    </ClInclude>
    <ClInclude Include="InterfacesEmulation\SteamUGC009.h">
      <Filter>ColdAPI_Steam\InterfacesEmulation</Filter>
    </ClInclude>
    <ClInclude Include="InterfacesEmulation\SteamUGC010.h">
      <Filter>ColdAPI_Steam\InterfacesEmulation</Filter>
    </ClInclude>
    <ClInclude Include="InterfacesEmulation\SteamUGC012.h">
      <Filter>ColdAPI_Steam\InterfacesEmulation</Filter>
    </ClInclude>
    <ClInclude Include="InterfacesEmulation\SteamUGC013.h">
      <Filter>ColdAPI_Steam\InterfacesEmulation</Filter>
    </ClInclude>
    <ClInclude Include="InterfacesEmulation\SteamUnifiedMessages001.h">
      <Filter>ColdAPI_Steam\InterfacesEmulation</Filter>
    </ClInclude>
    <ClInclude Include="InterfacesEmulation\SteamUser004.h">
      <Filter>ColdAPI_Steam\InterfacesEmulation</Filter>
    </ClInclude>
    <ClInclude Include="InterfacesEmulation\SteamUser005.h">
      <Filter>ColdAPI_Steam\InterfacesEmulation</Filter>
    </ClInclude>
    <ClInclude Include="InterfacesEmulation\SteamUser006.h">
      <Filter>ColdAPI_Steam\InterfacesEmulation</Filter>
    </ClInclude>
    <ClInclude Include="InterfacesEmulation\SteamUser007.h">
      <Filter>ColdAPI_Steam\InterfacesEmulation</Filter>
    </ClInclude>
    <ClInclude Include="InterfacesEmulation\SteamUser008.h">
      <Filter>ColdAPI_Steam\InterfacesEmulation</Filter>
    </ClInclude>
    <ClInclude Include="InterfacesEmulation\SteamUser009.h">
      <Filter>ColdAPI_Steam\InterfacesEmulation</Filter>
    </ClInclude>
    <ClInclude Include="InterfacesEmulation\SteamUser010.h">
      <Filter>ColdAPI_Steam\InterfacesEmulation</Filter>
    </ClInclude>
    <ClInclude Include="InterfacesEmulation\SteamUser011.h">
      <Filter>ColdAPI_Steam\InterfacesEmulation</Filter>
    </ClInclude>
    <ClInclude Include="InterfacesEmulation\SteamUser012.h">
      <Filter>ColdAPI_Steam\InterfacesEmulation</Filter>
    </ClInclude>
    <ClInclude Include="InterfacesEmulation\SteamUser013.h">
      <Filter>ColdAPI_Steam\InterfacesEmulation</Filter>
    </ClInclude>
    <ClInclude Include="InterfacesEmulation\SteamUser014.h">
      <Filter>ColdAPI_Steam\InterfacesEmulation</Filter>
    </ClInclude>
    <ClInclude Include="InterfacesEmulation\SteamUser015.h">
      <Filter>ColdAPI_Steam\InterfacesEmulation</Filter>
    </ClInclude>
    <ClInclude Include="InterfacesEmulation\SteamUser016.h">
      <Filter>ColdAPI_Steam\InterfacesEmulation</Filter>
    </ClInclude>
    <ClInclude Include="InterfacesEmulation\SteamUser017.h">
      <Filter>ColdAPI_Steam\InterfacesEmulation</Filter>
    </ClInclude>
    <ClInclude Include="InterfacesEmulation\SteamUser018.h">
      <Filter>ColdAPI_Steam\InterfacesEmulation</Filter>
    </ClInclude>
    <ClInclude Include="InterfacesEmulation\SteamUser019.h">
      <Filter>ColdAPI_Steam\InterfacesEmulation</Filter>
    </ClInclude>
    <ClInclude Include="InterfacesEmulation\SteamUser020.h">
      <Filter>ColdAPI_Steam\InterfacesEmulation</Filter>
    </ClInclude>
    <ClInclude Include="InterfacesEmulation\SteamUserStats001.h">
      <Filter>ColdAPI_Steam\InterfacesEmulation</Filter>
    </ClInclude>
    <ClInclude Include="InterfacesEmulation\SteamUserStats002.h">
      <Filter>ColdAPI_Steam\InterfacesEmulation</Filter>
    </ClInclude>
    <ClInclude Include="InterfacesEmulation\SteamUserStats003.h">
      <Filter>ColdAPI_Steam\InterfacesEmulation</Filter>
    </ClInclude>
    <ClInclude Include="InterfacesEmulation\SteamUserStats004.h">
      <Filter>ColdAPI_Steam\InterfacesEmulation</Filter>
    </ClInclude>
    <ClInclude Include="InterfacesEmulation\SteamUserStats005.h">
      <Filter>ColdAPI_Steam\InterfacesEmulation</Filter>
    </ClInclude>
    <ClInclude Include="InterfacesEmulation\SteamUserStats006.h">
      <Filter>ColdAPI_Steam\InterfacesEmulation</Filter>
    </ClInclude>
    <ClInclude Include="InterfacesEmulation\SteamUserStats007.h">
      <Filter>ColdAPI_Steam\InterfacesEmulation</Filter>
    </ClInclude>
    <ClInclude Include="InterfacesEmulation\SteamUserStats008.h">
      <Filter>ColdAPI_Steam\InterfacesEmulation</Filter>
    </ClInclude>
    <ClInclude Include="InterfacesEmulation\SteamUserStats009.h">
      <Filter>ColdAPI_Steam\InterfacesEmulation</Filter>
    </ClInclude>
    <ClInclude Include="InterfacesEmulation\SteamUserStats010.h">
      <Filter>ColdAPI_Steam\InterfacesEmulation</Filter>
    </ClInclude>
    <ClInclude Include="InterfacesEmulation\SteamUserStats011.h">
      <Filter>ColdAPI_Steam\InterfacesEmulation</Filter>
    </ClInclude>
    <ClInclude Include="InterfacesEmulation\SteamUtils001.h">
      <Filter>ColdAPI_Steam\InterfacesEmulation</Filter>
    </ClInclude>
    <ClInclude Include="InterfacesEmulation\SteamUtils002.h">
      <Filter>ColdAPI_Steam\InterfacesEmulation</Filter>
    </ClInclude>
    <ClInclude Include="InterfacesEmulation\SteamUtils003.h">
      <Filter>ColdAPI_Steam\InterfacesEmulation</Filter>
    </ClInclude>
    <ClInclude Include="InterfacesEmulation\SteamUtils004.h">
      <Filter>ColdAPI_Steam\InterfacesEmulation</Filter>
    </ClInclude>
    <ClInclude Include="InterfacesEmulation\SteamUtils005.h">
      <Filter>ColdAPI_Steam\InterfacesEmulation</Filter>
    </ClInclude>
    <ClInclude Include="InterfacesEmulation\SteamUtils006.h">
      <Filter>ColdAPI_Steam\InterfacesEmulation</Filter>
    </ClInclude>
    <ClInclude Include="InterfacesEmulation\SteamUtils007.h">
      <Filter>ColdAPI_Steam\InterfacesEmulation</Filter>
    </ClInclude>
    <ClInclude Include="InterfacesEmulation\SteamUtils008.h">
      <Filter>ColdAPI_Steam\InterfacesEmulation</Filter>
    </ClInclude>
    <ClInclude Include="InterfacesEmulation\SteamUtils009.h">
      <Filter>ColdAPI_Steam\InterfacesEmulation</Filter>
    </ClInclude>
    <ClInclude Include="InterfacesEmulation\SteamVideo001.h">
      <Filter>ColdAPI_Steam\InterfacesEmulation</Filter>
    </ClInclude>
    <ClInclude Include="InterfacesEmulation\SteamVideo002.h">
      <Filter>ColdAPI_Steam\InterfacesEmulation</Filter>
    </ClInclude>
    <ClInclude Include="Hook_utils\ColdHook.h">
      <Filter>ColdAPI_Steam\Hook_utils</Filter>
    </ClInclude>
    <ClInclude Include="Hook_utils\DistormDisassembler\include\distorm.h">
      <Filter>ColdAPI_Steam\Hook_utils\DistormDisassembler\include</Filter>
    </ClInclude>
    <ClInclude Include="Hook_utils\DistormDisassembler\include\mnemonics.h">
      <Filter>ColdAPI_Steam\Hook_utils\DistormDisassembler\include</Filter>
    </ClInclude>
    <ClInclude Include="Hook_utils\DistormDisassembler\src\config.h">
      <Filter>ColdAPI_Steam\Hook_utils\DistormDisassembler\src</Filter>
    </ClInclude>
    <ClInclude Include="Hook_utils\DistormDisassembler\src\decoder.h">
      <Filter>ColdAPI_Steam\Hook_utils\DistormDisassembler\src</Filter>
    </ClInclude>
    <ClInclude Include="Hook_utils\DistormDisassembler\src\instructions.h">
      <Filter>ColdAPI_Steam\Hook_utils\DistormDisassembler\src</Filter>
    </ClInclude>
    <ClInclude Include="Hook_utils\DistormDisassembler\src\insts.h">
      <Filter>ColdAPI_Steam\Hook_utils\DistormDisassembler\src</Filter>
    </ClInclude>
    <ClInclude Include="Hook_utils\DistormDisassembler\src\operands.h">
      <Filter>ColdAPI_Steam\Hook_utils\DistormDisassembler\src</Filter>
    </ClInclude>
    <ClInclude Include="Hook_utils\DistormDisassembler\src\prefix.h">
      <Filter>ColdAPI_Steam\Hook_utils\DistormDisassembler\src</Filter>
    </ClInclude>
    <ClInclude Include="Hook_utils\DistormDisassembler\src\textdefs.h">
      <Filter>ColdAPI_Steam\Hook_utils\DistormDisassembler\src</Filter>
    </ClInclude>
    <ClInclude Include="Hook_utils\DistormDisassembler\src\wstring.h">
      <Filter>ColdAPI_Steam\Hook_utils\DistormDisassembler\src</Filter>
    </ClInclude>
    <ClInclude Include="Hook_utils\DistormDisassembler\src\x86defs.h">
      <Filter>ColdAPI_Steam\Hook_utils\DistormDisassembler\src</Filter>
    </ClInclude>
    <ClInclude Include=".\Steam_data.h">
      <Filter>ColdAPI_Steam</Filter>
    </ClInclude>
    <ClInclude Include="Constants.h" />
  </ItemGroup>
  <ItemGroup>
    <ClCompile Include="ColdManager.cpp">
      <Filter>ColdAPI_Steam</Filter>
    </ClCompile>
    <ClCompile Include="CSteamCallbacks.cpp">
      <Filter>ColdAPI_Steam</Filter>
    </ClCompile>
    <ClCompile Include="dllmain.cpp">
      <Filter>ColdAPI_Steam</Filter>
    </ClCompile>
    <ClCompile Include="SteamStubBypass\SteamStub.cpp">
      <Filter>ColdAPI_Steam\SteamStubBypass</Filter>
    </ClCompile>
    <ClCompile Include="Hook_utils\ColdHook.cpp">
      <Filter>ColdAPI_Steam\Hook_utils</Filter>
    </ClCompile>
    <ClCompile Include="Hook_utils\DistormDisassembler\src\decoder.c">
      <Filter>ColdAPI_Steam\Hook_utils\DistormDisassembler\src</Filter>
    </ClCompile>
    <ClCompile Include="Hook_utils\DistormDisassembler\src\distorm.c">
      <Filter>ColdAPI_Steam\Hook_utils\DistormDisassembler\src</Filter>
    </ClCompile>
    <ClCompile Include="Hook_utils\DistormDisassembler\src\instructions.c">
      <Filter>ColdAPI_Steam\Hook_utils\DistormDisassembler\src</Filter>
    </ClCompile>
    <ClCompile Include="Hook_utils\DistormDisassembler\src\insts.c">
      <Filter>ColdAPI_Steam\Hook_utils\DistormDisassembler\src</Filter>
    </ClCompile>
    <ClCompile Include="Hook_utils\DistormDisassembler\src\mnemonics.c">
      <Filter>ColdAPI_Steam\Hook_utils\DistormDisassembler\src</Filter>
    </ClCompile>
    <ClCompile Include="Hook_utils\DistormDisassembler\src\operands.c">
      <Filter>ColdAPI_Steam\Hook_utils\DistormDisassembler\src</Filter>
    </ClCompile>
    <ClCompile Include="Hook_utils\DistormDisassembler\src\prefix.c">
      <Filter>ColdAPI_Steam\Hook_utils\DistormDisassembler\src</Filter>
    </ClCompile>
    <ClCompile Include="Hook_utils\DistormDisassembler\src\textdefs.c">
      <Filter>ColdAPI_Steam\Hook_utils\DistormDisassembler\src</Filter>
    </ClCompile>
    <ClCompile Include="Hook_utils\DistormDisassembler\src\wstring.c">
      <Filter>ColdAPI_Steam\Hook_utils\DistormDisassembler\src</Filter>
    </ClCompile>
    <ClCompile Include="Steam_data.cpp">
      <Filter>ColdAPI_Steam</Filter>
    </ClCompile>
  </ItemGroup>
  <ItemGroup>
    <None Include="public SDK\Open Steamworks.vcproj">
      <Filter>ColdAPI_Steam\public SDK</Filter>
    </None>
    <None Include="INI example\ColdAPI.ini">
      <Filter>ColdAPI_Steam\INI example</Filter>
    </None>
  </ItemGroup>
  <ItemGroup>
    <MASM Include="SteamStubBypass\SteamStubAsmS.asm">
      <Filter>ColdAPI_Steam\SteamStubBypass</Filter>
    </MASM>
  </ItemGroup>
</Project>